PODS:
  - ConsistencyManager (2.0.0)

DEPENDENCIES:
  - ConsistencyManager (from `..`)

EXTERNAL SOURCES:
  ConsistencyManager:
    :path: ".."

SPEC CHECKSUMS:
  ConsistencyManager: 4a1f6f20628befc25ed3393444c7c18ae64149a4

PODFILE CHECKSUM: b21bbf55226ba480e94d5cf731df9621484fed45

COCOAPODS: 1.0.1
