// !$*UTF8*$!
{
	archiveVersion = 1;
	classes = {
	};
	objectVersion = 46;
	objects = {

/* Begin PBXBuildFile section */
		47701B439C16D9E6BC8A5589 /* Pods_ConsistencyManagerDemo.framework in Frameworks */ = {isa = PBXBuildFile; fileRef = B8EC009E94A4E8CC989B8CC3 /* Pods_ConsistencyManagerDemo.framework */; };
		611562D31CC06B810001F5CE /* ConsistencyManagerTestCase.swift in Sources */ = {isa = PBXBuildFile; fileRef = 611562CE1CC06B810001F5CE /* ConsistencyManagerTestCase.swift */; };
		611562D41CC06B810001F5CE /* TestListener.swift in Sources */ = {isa = PBXBuildFile; fileRef = 611562CF1CC06B810001F5CE /* TestListener.swift */; };
		611562D51CC06B810001F5CE /* TestModel.swift in Sources */ = {isa = PBXBuildFile; fileRef = 611562D01CC06B810001F5CE /* TestModel.swift */; };
		611562D61CC06B810001F5CE /* TestModelGenerator.swift in Sources */ = {isa = PBXBuildFile; fileRef = 611562D11CC06B810001F5CE /* TestModelGenerator.swift */; };
		611562D71CC06B810001F5CE /* TestRequiredModel.swift in Sources */ = {isa = PBXBuildFile; fileRef = 611562D21CC06B810001F5CE /* TestRequiredModel.swift */; };
		61DB684F1CBC596F00BD1F65 /* AppDelegate.swift in Sources */ = {isa = PBXBuildFile; fileRef = 61DB684E1CBC596F00BD1F65 /* AppDelegate.swift */; };
		61DB68561CBC596F00BD1F65 /* Assets.xcassets in Resources */ = {isa = PBXBuildFile; fileRef = 61DB68551CBC596F00BD1F65 /* Assets.xcassets */; };
		61DB68591CBC596F00BD1F65 /* LaunchScreen.storyboard in Resources */ = {isa = PBXBuildFile; fileRef = 61DB68571CBC596F00BD1F65 /* LaunchScreen.storyboard */; };
		61DB687C1CBC5A1A00BD1F65 /* TableViewCell.swift in Sources */ = {isa = PBXBuildFile; fileRef = 61DB686F1CBC5A1A00BD1F65 /* TableViewCell.swift */; };
		61DB687D1CBC5A1A00BD1F65 /* TableViewCell.xib in Resources */ = {isa = PBXBuildFile; fileRef = 61DB68701CBC5A1A00BD1F65 /* TableViewCell.xib */; };
		61DB687E1CBC5A1A00BD1F65 /* StreamModel.swift in Sources */ = {isa = PBXBuildFile; fileRef = 61DB68721CBC5A1A00BD1F65 /* StreamModel.swift */; };
		61DB687F1CBC5A1A00BD1F65 /* UpdateModel.swift in Sources */ = {isa = PBXBuildFile; fileRef = 61DB68731CBC5A1A00BD1F65 /* UpdateModel.swift */; };
		61DB68801CBC5A1A00BD1F65 /* NetworkStack.swift in Sources */ = {isa = PBXBuildFile; fileRef = 61DB68751CBC5A1A00BD1F65 /* NetworkStack.swift */; };
		61DB68811CBC5A1A00BD1F65 /* UpdateHelpers.swift in Sources */ = {isa = PBXBuildFile; fileRef = 61DB68761CBC5A1A00BD1F65 /* UpdateHelpers.swift */; };
		61DB68821CBC5A1A00BD1F65 /* DetailViewController.swift in Sources */ = {isa = PBXBuildFile; fileRef = 61DB68781CBC5A1A00BD1F65 /* DetailViewController.swift */; };
		61DB68831CBC5A1A00BD1F65 /* DetailViewController.xib in Resources */ = {isa = PBXBuildFile; fileRef = 61DB68791CBC5A1A00BD1F65 /* DetailViewController.xib */; };
		61DB68841CBC5A1A00BD1F65 /* MainViewController.swift in Sources */ = {isa = PBXBuildFile; fileRef = 61DB687A1CBC5A1A00BD1F65 /* MainViewController.swift */; };
		61DB68851CBC5A1A00BD1F65 /* MainViewController.xib in Resources */ = {isa = PBXBuildFile; fileRef = 61DB687B1CBC5A1A00BD1F65 /* MainViewController.xib */; };
		61DB68871CBC5C5200BD1F65 /* PerformanceTests.swift in Sources */ = {isa = PBXBuildFile; fileRef = 61DB68861CBC5C5200BD1F65 /* PerformanceTests.swift */; };
/* End PBXBuildFile section */

/* Begin PBXContainerItemProxy section */
		61DB68601CBC596F00BD1F65 /* PBXContainerItemProxy */ = {
			isa = PBXContainerItemProxy;
			containerPortal = 61DB68431CBC596F00BD1F65 /* Project object */;
			proxyType = 1;
			remoteGlobalIDString = 61DB684A1CBC596F00BD1F65;
			remoteInfo = ConsistencyManagerDemo;
		};
/* End PBXContainerItemProxy section */

/* Begin PBXFileReference section */
		611562CE1CC06B810001F5CE /* ConsistencyManagerTestCase.swift */ = {isa = PBXFileReference; fileEncoding = 4; lastKnownFileType = sourcecode.swift; name = ConsistencyManagerTestCase.swift; path = ../../ConsistencyManagerTests/HelperClasses/ConsistencyManagerTestCase.swift; sourceTree = "<group>"; };
		611562CF1CC06B810001F5CE /* TestListener.swift */ = {isa = PBXFileReference; fileEncoding = 4; lastKnownFileType = sourcecode.swift; name = TestListener.swift; path = ../../ConsistencyManagerTests/HelperClasses/TestListener.swift; sourceTree = "<group>"; };
		611562D01CC06B810001F5CE /* TestModel.swift */ = {isa = PBXFileReference; fileEncoding = 4; lastKnownFileType = sourcecode.swift; name = TestModel.swift; path = ../../ConsistencyManagerTests/HelperClasses/TestModel.swift; sourceTree = "<group>"; };
		611562D11CC06B810001F5CE /* TestModelGenerator.swift */ = {isa = PBXFileReference; fileEncoding = 4; lastKnownFileType = sourcecode.swift; name = TestModelGenerator.swift; path = ../../ConsistencyManagerTests/HelperClasses/TestModelGenerator.swift; sourceTree = "<group>"; };
		611562D21CC06B810001F5CE /* TestRequiredModel.swift */ = {isa = PBXFileReference; fileEncoding = 4; lastKnownFileType = sourcecode.swift; name = TestRequiredModel.swift; path = ../../ConsistencyManagerTests/HelperClasses/TestRequiredModel.swift; sourceTree = "<group>"; };
		61DB684B1CBC596F00BD1F65 /* ConsistencyManagerDemo.app */ = {isa = PBXFileReference; explicitFileType = wrapper.application; includeInIndex = 0; path = ConsistencyManagerDemo.app; sourceTree = BUILT_PRODUCTS_DIR; };
		61DB684E1CBC596F00BD1F65 /* AppDelegate.swift */ = {isa = PBXFileReference; lastKnownFileType = sourcecode.swift; path = AppDelegate.swift; sourceTree = "<group>"; };
		61DB68551CBC596F00BD1F65 /* Assets.xcassets */ = {isa = PBXFileReference; lastKnownFileType = folder.assetcatalog; path = Assets.xcassets; sourceTree = "<group>"; };
		61DB68581CBC596F00BD1F65 /* Base */ = {isa = PBXFileReference; lastKnownFileType = file.storyboard; name = Base; path = Base.lproj/LaunchScreen.storyboard; sourceTree = "<group>"; };
		61DB685A1CBC596F00BD1F65 /* Info.plist */ = {isa = PBXFileReference; lastKnownFileType = text.plist.xml; path = Info.plist; sourceTree = "<group>"; };
		61DB685F1CBC596F00BD1F65 /* ConsistencyManagerDemoTests.xctest */ = {isa = PBXFileReference; explicitFileType = wrapper.cfbundle; includeInIndex = 0; path = ConsistencyManagerDemoTests.xctest; sourceTree = BUILT_PRODUCTS_DIR; };
		61DB68651CBC596F00BD1F65 /* Info.plist */ = {isa = PBXFileReference; lastKnownFileType = text.plist.xml; path = Info.plist; sourceTree = "<group>"; };
		61DB686F1CBC5A1A00BD1F65 /* TableViewCell.swift */ = {isa = PBXFileReference; fileEncoding = 4; lastKnownFileType = sourcecode.swift; path = TableViewCell.swift; sourceTree = "<group>"; };
		61DB68701CBC5A1A00BD1F65 /* TableViewCell.xib */ = {isa = PBXFileReference; fileEncoding = 4; lastKnownFileType = file.xib; path = TableViewCell.xib; sourceTree = "<group>"; };
		61DB68721CBC5A1A00BD1F65 /* StreamModel.swift */ = {isa = PBXFileReference; fileEncoding = 4; lastKnownFileType = sourcecode.swift; path = StreamModel.swift; sourceTree = "<group>"; };
		61DB68731CBC5A1A00BD1F65 /* UpdateModel.swift */ = {isa = PBXFileReference; fileEncoding = 4; lastKnownFileType = sourcecode.swift; path = UpdateModel.swift; sourceTree = "<group>"; };
		61DB68751CBC5A1A00BD1F65 /* NetworkStack.swift */ = {isa = PBXFileReference; fileEncoding = 4; lastKnownFileType = sourcecode.swift; path = NetworkStack.swift; sourceTree = "<group>"; };
		61DB68761CBC5A1A00BD1F65 /* UpdateHelpers.swift */ = {isa = PBXFileReference; fileEncoding = 4; lastKnownFileType = sourcecode.swift; path = UpdateHelpers.swift; sourceTree = "<group>"; };
		61DB68781CBC5A1A00BD1F65 /* DetailViewController.swift */ = {isa = PBXFileReference; fileEncoding = 4; lastKnownFileType = sourcecode.swift; path = DetailViewController.swift; sourceTree = "<group>"; };
		61DB68791CBC5A1A00BD1F65 /* DetailViewController.xib */ = {isa = PBXFileReference; fileEncoding = 4; lastKnownFileType = file.xib; path = DetailViewController.xib; sourceTree = "<group>"; };
		61DB687A1CBC5A1A00BD1F65 /* MainViewController.swift */ = {isa = PBXFileReference; fileEncoding = 4; lastKnownFileType = sourcecode.swift; path = MainViewController.swift; sourceTree = "<group>"; };
		61DB687B1CBC5A1A00BD1F65 /* MainViewController.xib */ = {isa = PBXFileReference; fileEncoding = 4; lastKnownFileType = file.xib; path = MainViewController.xib; sourceTree = "<group>"; };
		61DB68861CBC5C5200BD1F65 /* PerformanceTests.swift */ = {isa = PBXFileReference; fileEncoding = 4; lastKnownFileType = sourcecode.swift; path = PerformanceTests.swift; sourceTree = "<group>"; };
		6E210B67B1E1FD1686485F50 /* Pods-ConsistencyManagerDemo.debug.xcconfig */ = {isa = PBXFileReference; includeInIndex = 1; lastKnownFileType = text.xcconfig; name = "Pods-ConsistencyManagerDemo.debug.xcconfig"; path = "Pods/Target Support Files/Pods-ConsistencyManagerDemo/Pods-ConsistencyManagerDemo.debug.xcconfig"; sourceTree = "<group>"; };
		734D065F5910B4D21566E7D5 /* Pods-ConsistencyManagerDemo.release.xcconfig */ = {isa = PBXFileReference; includeInIndex = 1; lastKnownFileType = text.xcconfig; name = "Pods-ConsistencyManagerDemo.release.xcconfig"; path = "Pods/Target Support Files/Pods-ConsistencyManagerDemo/Pods-ConsistencyManagerDemo.release.xcconfig"; sourceTree = "<group>"; };
		B8EC009E94A4E8CC989B8CC3 /* Pods_ConsistencyManagerDemo.framework */ = {isa = PBXFileReference; explicitFileType = wrapper.framework; includeInIndex = 0; path = Pods_ConsistencyManagerDemo.framework; sourceTree = BUILT_PRODUCTS_DIR; };
		C344DB998673B6A206DFC7F6 /* Pods.framework */ = {isa = PBXFileReference; explicitFileType = wrapper.framework; includeInIndex = 0; path = Pods.framework; sourceTree = BUILT_PRODUCTS_DIR; };
/* End PBXFileReference section */

/* Begin PBXFrameworksBuildPhase section */
		61DB68481CBC596F00BD1F65 /* Frameworks */ = {
			isa = PBXFrameworksBuildPhase;
			buildActionMask = 2147483647;
			files = (
				47701B439C16D9E6BC8A5589 /* Pods_ConsistencyManagerDemo.framework in Frameworks */,
			);
			runOnlyForDeploymentPostprocessing = 0;
		};
		61DB685C1CBC596F00BD1F65 /* Frameworks */ = {
			isa = PBXFrameworksBuildPhase;
			buildActionMask = 2147483647;
			files = (
			);
			runOnlyForDeploymentPostprocessing = 0;
		};
/* End PBXFrameworksBuildPhase section */

/* Begin PBXGroup section */
		4003325896F3F42FE43A086C /* Pods */ = {
			isa = PBXGroup;
			children = (
				6E210B67B1E1FD1686485F50 /* Pods-ConsistencyManagerDemo.debug.xcconfig */,
				734D065F5910B4D21566E7D5 /* Pods-ConsistencyManagerDemo.release.xcconfig */,
			);
			name = Pods;
			sourceTree = "<group>";
		};
		611562CD1CC06B710001F5CE /* HelperClasses */ = {
			isa = PBXGroup;
			children = (
				611562CE1CC06B810001F5CE /* ConsistencyManagerTestCase.swift */,
				611562CF1CC06B810001F5CE /* TestListener.swift */,
				611562D01CC06B810001F5CE /* TestModel.swift */,
				611562D11CC06B810001F5CE /* TestModelGenerator.swift */,
				611562D21CC06B810001F5CE /* TestRequiredModel.swift */,
			);
			name = HelperClasses;
			sourceTree = "<group>";
		};
		61DB68421CBC596F00BD1F65 = {
			isa = PBXGroup;
			children = (
				61DB684D1CBC596F00BD1F65 /* ConsistencyManagerDemo */,
				61DB68621CBC596F00BD1F65 /* ConsistencyManagerDemoTests */,
				61DB684C1CBC596F00BD1F65 /* Products */,
				F315C729CD095388D8AE0B52 /* Frameworks */,
				4003325896F3F42FE43A086C /* Pods */,
			);
			sourceTree = "<group>";
		};
		61DB684C1CBC596F00BD1F65 /* Products */ = {
			isa = PBXGroup;
			children = (
				61DB684B1CBC596F00BD1F65 /* ConsistencyManagerDemo.app */,
				61DB685F1CBC596F00BD1F65 /* ConsistencyManagerDemoTests.xctest */,
			);
			name = Products;
			sourceTree = "<group>";
		};
		61DB684D1CBC596F00BD1F65 /* ConsistencyManagerDemo */ = {
			isa = PBXGroup;
			children = (
				61DB684E1CBC596F00BD1F65 /* AppDelegate.swift */,
				61DB686E1CBC5A1A00BD1F65 /* Cells */,
				61DB68711CBC5A1A00BD1F65 /* Models */,
				61DB68741CBC5A1A00BD1F65 /* Network */,
				61DB68771CBC5A1A00BD1F65 /* ViewControllers */,
				61DB68551CBC596F00BD1F65 /* Assets.xcassets */,
				61DB68571CBC596F00BD1F65 /* LaunchScreen.storyboard */,
				61DB685A1CBC596F00BD1F65 /* Info.plist */,
			);
			path = ConsistencyManagerDemo;
			sourceTree = "<group>";
		};
		61DB68621CBC596F00BD1F65 /* ConsistencyManagerDemoTests */ = {
			isa = PBXGroup;
			children = (
				611562CD1CC06B710001F5CE /* HelperClasses */,
				61DB68861CBC5C5200BD1F65 /* PerformanceTests.swift */,
				61DB68651CBC596F00BD1F65 /* Info.plist */,
			);
			path = ConsistencyManagerDemoTests;
			sourceTree = "<group>";
		};
		61DB686E1CBC5A1A00BD1F65 /* Cells */ = {
			isa = PBXGroup;
			children = (
				61DB686F1CBC5A1A00BD1F65 /* TableViewCell.swift */,
				61DB68701CBC5A1A00BD1F65 /* TableViewCell.xib */,
			);
			path = Cells;
			sourceTree = "<group>";
		};
		61DB68711CBC5A1A00BD1F65 /* Models */ = {
			isa = PBXGroup;
			children = (
				61DB68721CBC5A1A00BD1F65 /* StreamModel.swift */,
				61DB68731CBC5A1A00BD1F65 /* UpdateModel.swift */,
			);
			path = Models;
			sourceTree = "<group>";
		};
		61DB68741CBC5A1A00BD1F65 /* Network */ = {
			isa = PBXGroup;
			children = (
				61DB68751CBC5A1A00BD1F65 /* NetworkStack.swift */,
				61DB68761CBC5A1A00BD1F65 /* UpdateHelpers.swift */,
			);
			path = Network;
			sourceTree = "<group>";
		};
		61DB68771CBC5A1A00BD1F65 /* ViewControllers */ = {
			isa = PBXGroup;
			children = (
				61DB68781CBC5A1A00BD1F65 /* DetailViewController.swift */,
				61DB68791CBC5A1A00BD1F65 /* DetailViewController.xib */,
				61DB687A1CBC5A1A00BD1F65 /* MainViewController.swift */,
				61DB687B1CBC5A1A00BD1F65 /* MainViewController.xib */,
			);
			path = ViewControllers;
			sourceTree = "<group>";
		};
		F315C729CD095388D8AE0B52 /* Frameworks */ = {
			isa = PBXGroup;
			children = (
				C344DB998673B6A206DFC7F6 /* Pods.framework */,
				B8EC009E94A4E8CC989B8CC3 /* Pods_ConsistencyManagerDemo.framework */,
			);
			name = Frameworks;
			sourceTree = "<group>";
		};
/* End PBXGroup section */

/* Begin PBXNativeTarget section */
		61DB684A1CBC596F00BD1F65 /* ConsistencyManagerDemo */ = {
			isa = PBXNativeTarget;
			buildConfigurationList = 61DB68681CBC596F00BD1F65 /* Build configuration list for PBXNativeTarget "ConsistencyManagerDemo" */;
			buildPhases = (
				DE066A886970E3002EA1B200 /* [CP] Check Pods Manifest.lock */,
				61DB68471CBC596F00BD1F65 /* Sources */,
				61DB68481CBC596F00BD1F65 /* Frameworks */,
				61DB68491CBC596F00BD1F65 /* Resources */,
				3368ABD8ABB70E4DE5637DC5 /* [CP] Embed Pods Frameworks */,
				314329789AD2B373909895C4 /* [CP] Copy Pods Resources */,
			);
			buildRules = (
			);
			dependencies = (
			);
			name = ConsistencyManagerDemo;
			productName = ConsistencyManagerDemo;
			productReference = 61DB684B1CBC596F00BD1F65 /* ConsistencyManagerDemo.app */;
			productType = "com.apple.product-type.application";
		};
		61DB685E1CBC596F00BD1F65 /* ConsistencyManagerDemoTests */ = {
			isa = PBXNativeTarget;
			buildConfigurationList = 61DB686B1CBC596F00BD1F65 /* Build configuration list for PBXNativeTarget "ConsistencyManagerDemoTests" */;
			buildPhases = (
				61DB685B1CBC596F00BD1F65 /* Sources */,
				61DB685C1CBC596F00BD1F65 /* Frameworks */,
				61DB685D1CBC596F00BD1F65 /* Resources */,
			);
			buildRules = (
			);
			dependencies = (
				61DB68611CBC596F00BD1F65 /* PBXTargetDependency */,
			);
			name = ConsistencyManagerDemoTests;
			productName = ConsistencyManagerDemoTests;
			productReference = 61DB685F1CBC596F00BD1F65 /* ConsistencyManagerDemoTests.xctest */;
			productType = "com.apple.product-type.bundle.unit-test";
		};
/* End PBXNativeTarget section */

/* Begin PBXProject section */
		61DB68431CBC596F00BD1F65 /* Project object */ = {
			isa = PBXProject;
			attributes = {
				LastSwiftUpdateCheck = 0720;
				LastUpgradeCheck = 0720;
				ORGANIZATIONNAME = LinkedIn;
				TargetAttributes = {
					61DB684A1CBC596F00BD1F65 = {
						CreatedOnToolsVersion = 7.2.1;
					};
					61DB685E1CBC596F00BD1F65 = {
						CreatedOnToolsVersion = 7.2.1;
						TestTargetID = 61DB684A1CBC596F00BD1F65;
					};
				};
			};
			buildConfigurationList = 61DB68461CBC596F00BD1F65 /* Build configuration list for PBXProject "ConsistencyManagerDemo" */;
			compatibilityVersion = "Xcode 3.2";
			developmentRegion = English;
			hasScannedForEncodings = 0;
			knownRegions = (
				en,
				Base,
			);
			mainGroup = 61DB68421CBC596F00BD1F65;
			productRefGroup = 61DB684C1CBC596F00BD1F65 /* Products */;
			projectDirPath = "";
			projectRoot = "";
			targets = (
				61DB684A1CBC596F00BD1F65 /* ConsistencyManagerDemo */,
				61DB685E1CBC596F00BD1F65 /* ConsistencyManagerDemoTests */,
			);
		};
/* End PBXProject section */

/* Begin PBXResourcesBuildPhase section */
		61DB68491CBC596F00BD1F65 /* Resources */ = {
			isa = PBXResourcesBuildPhase;
			buildActionMask = 2147483647;
			files = (
				61DB68591CBC596F00BD1F65 /* LaunchScreen.storyboard in Resources */,
				61DB687D1CBC5A1A00BD1F65 /* TableViewCell.xib in Resources */,
				61DB68851CBC5A1A00BD1F65 /* MainViewController.xib in Resources */,
				61DB68561CBC596F00BD1F65 /* Assets.xcassets in Resources */,
				61DB68831CBC5A1A00BD1F65 /* DetailViewController.xib in Resources */,
			);
			runOnlyForDeploymentPostprocessing = 0;
		};
		61DB685D1CBC596F00BD1F65 /* Resources */ = {
			isa = PBXResourcesBuildPhase;
			buildActionMask = 2147483647;
			files = (
			);
			runOnlyForDeploymentPostprocessing = 0;
		};
/* End PBXResourcesBuildPhase section */

/* Begin PBXShellScriptBuildPhase section */
		314329789AD2B373909895C4 /* [CP] Copy Pods Resources */ = {
			isa = PBXShellScriptBuildPhase;
			buildActionMask = 2147483647;
			files = (
			);
			inputPaths = (
			);
			name = "[CP] Copy Pods Resources";
			outputPaths = (
			);
			runOnlyForDeploymentPostprocessing = 0;
			shellPath = /bin/sh;
			shellScript = "\"${SRCROOT}/Pods/Target Support Files/Pods-ConsistencyManagerDemo/Pods-ConsistencyManagerDemo-resources.sh\"\n";
			showEnvVarsInLog = 0;
		};
		3368ABD8ABB70E4DE5637DC5 /* [CP] Embed Pods Frameworks */ = {
			isa = PBXShellScriptBuildPhase;
			buildActionMask = 2147483647;
			files = (
			);
			inputPaths = (
			);
			name = "[CP] Embed Pods Frameworks";
			outputPaths = (
			);
			runOnlyForDeploymentPostprocessing = 0;
			shellPath = /bin/sh;
			shellScript = "\"${SRCROOT}/Pods/Target Support Files/Pods-ConsistencyManagerDemo/Pods-ConsistencyManagerDemo-frameworks.sh\"\n";
			showEnvVarsInLog = 0;
		};
		DE066A886970E3002EA1B200 /* [CP] Check Pods Manifest.lock */ = {
			isa = PBXShellScriptBuildPhase;
			buildActionMask = 2147483647;
			files = (
			);
			inputPaths = (
			);
			name = "[CP] Check Pods Manifest.lock";
			outputPaths = (
			);
			runOnlyForDeploymentPostprocessing = 0;
			shellPath = /bin/sh;
			shellScript = "diff \"${PODS_ROOT}/../Podfile.lock\" \"${PODS_ROOT}/Manifest.lock\" > /dev/null\nif [[ $? != 0 ]] ; then\n    cat << EOM\nerror: The sandbox is not in sync with the Podfile.lock. Run 'pod install' or update your CocoaPods installation.\nEOM\n    exit 1\nfi\n";
			showEnvVarsInLog = 0;
		};
/* End PBXShellScriptBuildPhase section */

/* Begin PBXSourcesBuildPhase section */
		61DB68471CBC596F00BD1F65 /* Sources */ = {
			isa = PBXSourcesBuildPhase;
			buildActionMask = 2147483647;
			files = (
				61DB687F1CBC5A1A00BD1F65 /* UpdateModel.swift in Sources */,
				61DB68801CBC5A1A00BD1F65 /* NetworkStack.swift in Sources */,
				61DB684F1CBC596F00BD1F65 /* AppDelegate.swift in Sources */,
				61DB687C1CBC5A1A00BD1F65 /* TableViewCell.swift in Sources */,
				61DB68811CBC5A1A00BD1F65 /* UpdateHelpers.swift in Sources */,
				61DB687E1CBC5A1A00BD1F65 /* StreamModel.swift in Sources */,
				61DB68821CBC5A1A00BD1F65 /* DetailViewController.swift in Sources */,
				61DB68841CBC5A1A00BD1F65 /* MainViewController.swift in Sources */,
			);
			runOnlyForDeploymentPostprocessing = 0;
		};
		61DB685B1CBC596F00BD1F65 /* Sources */ = {
			isa = PBXSourcesBuildPhase;
			buildActionMask = 2147483647;
			files = (
				611562D31CC06B810001F5CE /* ConsistencyManagerTestCase.swift in Sources */,
				611562D41CC06B810001F5CE /* TestListener.swift in Sources */,
				611562D61CC06B810001F5CE /* TestModelGenerator.swift in Sources */,
				61DB68871CBC5C5200BD1F65 /* PerformanceTests.swift in Sources */,
				611562D71CC06B810001F5CE /* TestRequiredModel.swift in Sources */,
				611562D51CC06B810001F5CE /* TestModel.swift in Sources */,
			);
			runOnlyForDeploymentPostprocessing = 0;
		};
/* End PBXSourcesBuildPhase section */

/* Begin PBXTargetDependency section */
		61DB68611CBC596F00BD1F65 /* PBXTargetDependency */ = {
			isa = PBXTargetDependency;
			target = 61DB684A1CBC596F00BD1F65 /* ConsistencyManagerDemo */;
			targetProxy = 61DB68601CBC596F00BD1F65 /* PBXContainerItemProxy */;
		};
/* End PBXTargetDependency section */

/* Begin PBXVariantGroup section */
		61DB68571CBC596F00BD1F65 /* LaunchScreen.storyboard */ = {
			isa = PBXVariantGroup;
			children = (
				61DB68581CBC596F00BD1F65 /* Base */,
			);
			name = LaunchScreen.storyboard;
			sourceTree = "<group>";
		};
/* End PBXVariantGroup section */

/* Begin XCBuildConfiguration section */
		61DB68661CBC596F00BD1F65 /* Debug */ = {
			isa = XCBuildConfiguration;
			buildSettings = {
				ALWAYS_SEARCH_USER_PATHS = NO;
				CLANG_CXX_LANGUAGE_STANDARD = "gnu++0x";
				CLANG_CXX_LIBRARY = "libc++";
				CLANG_ENABLE_MODULES = YES;
				CLANG_ENABLE_OBJC_ARC = YES;
				CLANG_WARN_BOOL_CONVERSION = YES;
				CLANG_WARN_CONSTANT_CONVERSION = YES;
				CLANG_WARN_DIRECT_OBJC_ISA_USAGE = YES_ERROR;
				CLANG_WARN_EMPTY_BODY = YES;
				CLANG_WARN_ENUM_CONVERSION = YES;
				CLANG_WARN_INT_CONVERSION = YES;
				CLANG_WARN_OBJC_ROOT_CLASS = YES_ERROR;
				CLANG_WARN_UNREACHABLE_CODE = YES;
				CLANG_WARN__DUPLICATE_METHOD_MATCH = YES;
				"CODE_SIGN_IDENTITY[sdk=iphoneos*]" = "iPhone Developer";
				COPY_PHASE_STRIP = NO;
				DEBUG_INFORMATION_FORMAT = dwarf;
				ENABLE_STRICT_OBJC_MSGSEND = YES;
				ENABLE_TESTABILITY = YES;
				GCC_C_LANGUAGE_STANDARD = gnu99;
				GCC_DYNAMIC_NO_PIC = NO;
				GCC_NO_COMMON_BLOCKS = YES;
				GCC_OPTIMIZATION_LEVEL = 0;
				GCC_PREPROCESSOR_DEFINITIONS = (
					"DEBUG=1",
					"$(inherited)",
				);
				GCC_WARN_64_TO_32_BIT_CONVERSION = YES;
				GCC_WARN_ABOUT_RETURN_TYPE = YES_ERROR;
				GCC_WARN_UNDECLARED_SELECTOR = YES;
				GCC_WARN_UNINITIALIZED_AUTOS = YES_AGGRESSIVE;
				GCC_WARN_UNUSED_FUNCTION = YES;
				GCC_WARN_UNUSED_VARIABLE = YES;
				IPHONEOS_DEPLOYMENT_TARGET = 9.2;
				MTL_ENABLE_DEBUG_INFO = YES;
				ONLY_ACTIVE_ARCH = YES;
				SDKROOT = iphoneos;
				SWIFT_OPTIMIZATION_LEVEL = "-Onone";
			};
			name = Debug;
		};
		61DB68671CBC596F00BD1F65 /* Release */ = {
			isa = XCBuildConfiguration;
			buildSettings = {
				ALWAYS_SEARCH_USER_PATHS = NO;
				CLANG_CXX_LANGUAGE_STANDARD = "gnu++0x";
				CLANG_CXX_LIBRARY = "libc++";
				CLANG_ENABLE_MODULES = YES;
				CLANG_ENABLE_OBJC_ARC = YES;
				CLANG_WARN_BOOL_CONVERSION = YES;
				CLANG_WARN_CONSTANT_CONVERSION = YES;
				CLANG_WARN_DIRECT_OBJC_ISA_USAGE = YES_ERROR;
				CLANG_WARN_EMPTY_BODY = YES;
				CLANG_WARN_ENUM_CONVERSION = YES;
				CLANG_WARN_INT_CONVERSION = YES;
				CLANG_WARN_OBJC_ROOT_CLASS = YES_ERROR;
				CLANG_WARN_UNREACHABLE_CODE = YES;
				CLANG_WARN__DUPLICATE_METHOD_MATCH = YES;
				"CODE_SIGN_IDENTITY[sdk=iphoneos*]" = "iPhone Developer";
				COPY_PHASE_STRIP = NO;
				DEBUG_INFORMATION_FORMAT = "dwarf-with-dsym";
				ENABLE_NS_ASSERTIONS = NO;
				ENABLE_STRICT_OBJC_MSGSEND = YES;
				GCC_C_LANGUAGE_STANDARD = gnu99;
				GCC_NO_COMMON_BLOCKS = YES;
				GCC_WARN_64_TO_32_BIT_CONVERSION = YES;
				GCC_WARN_ABOUT_RETURN_TYPE = YES_ERROR;
				GCC_WARN_UNDECLARED_SELECTOR = YES;
				GCC_WARN_UNINITIALIZED_AUTOS = YES_AGGRESSIVE;
				GCC_WARN_UNUSED_FUNCTION = YES;
				GCC_WARN_UNUSED_VARIABLE = YES;
				IPHONEOS_DEPLOYMENT_TARGET = 9.2;
				MTL_ENABLE_DEBUG_INFO = NO;
				SDKROOT = iphoneos;
				VALIDATE_PRODUCT = YES;
			};
			name = Release;
		};
		61DB68691CBC596F00BD1F65 /* Debug */ = {
			isa = XCBuildConfiguration;
			baseConfigurationReference = 6E210B67B1E1FD1686485F50 /* Pods-ConsistencyManagerDemo.debug.xcconfig */;
			buildSettings = {
				ASSETCATALOG_COMPILER_APPICON_NAME = AppIcon;
				INFOPLIST_FILE = ConsistencyManagerDemo/Info.plist;
				LD_RUNPATH_SEARCH_PATHS = "$(inherited) @executable_path/Frameworks";
				PRODUCT_BUNDLE_IDENTIFIER = LinkedIn.ConsistencyManagerDemo;
				PRODUCT_NAME = "$(TARGET_NAME)";
				TARGETED_DEVICE_FAMILY = 1;
			};
			name = Debug;
		};
		61DB686A1CBC596F00BD1F65 /* Release */ = {
			isa = XCBuildConfiguration;
			baseConfigurationReference = 734D065F5910B4D21566E7D5 /* Pods-ConsistencyManagerDemo.release.xcconfig */;
			buildSettings = {
				ASSETCATALOG_COMPILER_APPICON_NAME = AppIcon;
				INFOPLIST_FILE = ConsistencyManagerDemo/Info.plist;
				LD_RUNPATH_SEARCH_PATHS = "$(inherited) @executable_path/Frameworks";
				PRODUCT_BUNDLE_IDENTIFIER = LinkedIn.ConsistencyManagerDemo;
				PRODUCT_NAME = "$(TARGET_NAME)";
				TARGETED_DEVICE_FAMILY = 1;
			};
			name = Release;
		};
		61DB686C1CBC596F00BD1F65 /* Debug */ = {
			isa = XCBuildConfiguration;
			buildSettings = {
				BUNDLE_LOADER = "$(TEST_HOST)";
				INFOPLIST_FILE = ConsistencyManagerDemoTests/Info.plist;
				LD_RUNPATH_SEARCH_PATHS = "$(inherited) @executable_path/Frameworks @loader_path/Frameworks";
				PRODUCT_BUNDLE_IDENTIFIER = LinkedIn.ConsistencyManagerDemoTests;
				PRODUCT_NAME = "$(TARGET_NAME)";
				TEST_HOST = "$(BUILT_PRODUCTS_DIR)/ConsistencyManagerDemo.app/ConsistencyManagerDemo";
			};
			name = Debug;
		};
		61DB686D1CBC596F00BD1F65 /* Release */ = {
			isa = XCBuildConfiguration;
			buildSettings = {
				BUNDLE_LOADER = "$(TEST_HOST)";
				INFOPLIST_FILE = ConsistencyManagerDemoTests/Info.plist;
				LD_RUNPATH_SEARCH_PATHS = "$(inherited) @executable_path/Frameworks @loader_path/Frameworks";
				PRODUCT_BUNDLE_IDENTIFIER = LinkedIn.ConsistencyManagerDemoTests;
				PRODUCT_NAME = "$(TARGET_NAME)";
				TEST_HOST = "$(BUILT_PRODUCTS_DIR)/ConsistencyManagerDemo.app/ConsistencyManagerDemo";
			};
			name = Release;
		};
/* End XCBuildConfiguration section */

/* Begin XCConfigurationList section */
		61DB68461CBC596F00BD1F65 /* Build configuration list for PBXProject "ConsistencyManagerDemo" */ = {
			isa = XCConfigurationList;
			buildConfigurations = (
				61DB68661CBC596F00BD1F65 /* Debug */,
				61DB68671CBC596F00BD1F65 /* Release */,
			);
			defaultConfigurationIsVisible = 0;
			defaultConfigurationName = Release;
		};
		61DB68681CBC596F00BD1F65 /* Build configuration list for PBXNativeTarget "ConsistencyManagerDemo" */ = {
			isa = XCConfigurationList;
			buildConfigurations = (
				61DB68691CBC596F00BD1F65 /* Debug */,
				61DB686A1CBC596F00BD1F65 /* Release */,
			);
			defaultConfigurationIsVisible = 0;
			defaultConfigurationName = Release;
		};
		61DB686B1CBC596F00BD1F65 /* Build configuration list for PBXNativeTarget "ConsistencyManagerDemoTests" */ = {
			isa = XCConfigurationList;
			buildConfigurations = (
				61DB686C1CBC596F00BD1F65 /* Debug */,
				61DB686D1CBC596F00BD1F65 /* Release */,
			);
			defaultConfigurationIsVisible = 0;
			defaultConfigurationName = Release;
		};
/* End XCConfigurationList section */
	};
	rootObject = 61DB68431CBC596F00BD1F65 /* Project object */;
}
