// !$*UTF8*$!
{
	archiveVersion = 1;
	classes = {
	};
	objectVersion = 46;
	objects = {

/* Begin PBXBuildFile section */
		2A867D658D754EA57C4B2555 /* Pods_ConsistencyManagerDemo_tvOSTests.framework in Frameworks */ = {isa = PBXBuildFile; fileRef = 3A9A75E425730DE488A1203C /* Pods_ConsistencyManagerDemo_tvOSTests.framework */; };
		47701B439C16D9E6BC8A5589 /* Pods_ConsistencyManagerDemo.framework in Frameworks */ = {isa = PBXBuildFile; fileRef = B8EC009E94A4E8CC989B8CC3 /* Pods_ConsistencyManagerDemo.framework */; };
		49091CE71E2079A0000B9B1E /* AppDelegate.swift in Sources */ = {isa = PBXBuildFile; fileRef = 49091CE61E2079A0000B9B1E /* AppDelegate.swift */; };
		49091CEC1E2079A0000B9B1E /* Main.storyboard in Resources */ = {isa = PBXBuildFile; fileRef = 49091CEA1E2079A0000B9B1E /* Main.storyboard */; };
		49091CEE1E2079A0000B9B1E /* Assets.xcassets in Resources */ = {isa = PBXBuildFile; fileRef = 49091CED1E2079A0000B9B1E /* Assets.xcassets */; };
		49091D141E2096BB000B9B1E /* MainViewController.swift in Sources */ = {isa = PBXBuildFile; fileRef = 49091D131E2096BB000B9B1E /* MainViewController.swift */; };
		49091D1C1E209766000B9B1E /* TableViewCell.xib in Resources */ = {isa = PBXBuildFile; fileRef = 49091D1B1E209766000B9B1E /* TableViewCell.xib */; };
		49091D241E209C5C000B9B1E /* TableViewCell.swift in Sources */ = {isa = PBXBuildFile; fileRef = 49091D231E209C5C000B9B1E /* TableViewCell.swift */; };
		4944505B1E230A8300986C71 /* StreamModel.swift in Sources */ = {isa = PBXBuildFile; fileRef = 61DB68721CBC5A1A00BD1F65 /* StreamModel.swift */; };
		4944505C1E230B1900986C71 /* UpdateModel.swift in Sources */ = {isa = PBXBuildFile; fileRef = 61DB68731CBC5A1A00BD1F65 /* UpdateModel.swift */; };
		4944505D1E230B1C00986C71 /* NetworkStack.swift in Sources */ = {isa = PBXBuildFile; fileRef = 61DB68751CBC5A1A00BD1F65 /* NetworkStack.swift */; };
		4944505E1E230B1E00986C71 /* UpdateHelpers.swift in Sources */ = {isa = PBXBuildFile; fileRef = 61DB68761CBC5A1A00BD1F65 /* UpdateHelpers.swift */; };
		494A0B411E21758900F7FAAB /* TVDetailViewController.swift in Sources */ = {isa = PBXBuildFile; fileRef = 49091D211E20992D000B9B1E /* TVDetailViewController.swift */; };
		494A0B431E21960100F7FAAB /* ConsistencyManagerTestCase.swift in Sources */ = {isa = PBXBuildFile; fileRef = 611562CE1CC06B810001F5CE /* ConsistencyManagerTestCase.swift */; };
		494A0B441E21960500F7FAAB /* TestListener.swift in Sources */ = {isa = PBXBuildFile; fileRef = 611562CF1CC06B810001F5CE /* TestListener.swift */; };
		494A0B451E21960800F7FAAB /* TestModel.swift in Sources */ = {isa = PBXBuildFile; fileRef = 611562D01CC06B810001F5CE /* TestModel.swift */; };
		494A0B461E21960A00F7FAAB /* TestModelGenerator.swift in Sources */ = {isa = PBXBuildFile; fileRef = 611562D11CC06B810001F5CE /* TestModelGenerator.swift */; };
		494A0B471E21960D00F7FAAB /* TestRequiredModel.swift in Sources */ = {isa = PBXBuildFile; fileRef = 611562D21CC06B810001F5CE /* TestRequiredModel.swift */; };
		494A0B481E21961000F7FAAB /* ProjectionTestModel.swift in Sources */ = {isa = PBXBuildFile; fileRef = 61BCF9C21D91A08A0034F8BA /* ProjectionTestModel.swift */; };
		494A0B491E21961200F7FAAB /* PerformanceTests.swift in Sources */ = {isa = PBXBuildFile; fileRef = 61DB68861CBC5C5200BD1F65 /* PerformanceTests.swift */; };
		611562D31CC06B810001F5CE /* ConsistencyManagerTestCase.swift in Sources */ = {isa = PBXBuildFile; fileRef = 611562CE1CC06B810001F5CE /* ConsistencyManagerTestCase.swift */; };
		611562D41CC06B810001F5CE /* TestListener.swift in Sources */ = {isa = PBXBuildFile; fileRef = 611562CF1CC06B810001F5CE /* TestListener.swift */; };
		611562D51CC06B810001F5CE /* TestModel.swift in Sources */ = {isa = PBXBuildFile; fileRef = 611562D01CC06B810001F5CE /* TestModel.swift */; };
		611562D61CC06B810001F5CE /* TestModelGenerator.swift in Sources */ = {isa = PBXBuildFile; fileRef = 611562D11CC06B810001F5CE /* TestModelGenerator.swift */; };
		611562D71CC06B810001F5CE /* TestRequiredModel.swift in Sources */ = {isa = PBXBuildFile; fileRef = 611562D21CC06B810001F5CE /* TestRequiredModel.swift */; };
		61BCF9C31D91A08A0034F8BA /* ProjectionTestModel.swift in Sources */ = {isa = PBXBuildFile; fileRef = 61BCF9C21D91A08A0034F8BA /* ProjectionTestModel.swift */; };
		61DB684F1CBC596F00BD1F65 /* AppDelegate.swift in Sources */ = {isa = PBXBuildFile; fileRef = 61DB684E1CBC596F00BD1F65 /* AppDelegate.swift */; };
		61DB68561CBC596F00BD1F65 /* Assets.xcassets in Resources */ = {isa = PBXBuildFile; fileRef = 61DB68551CBC596F00BD1F65 /* Assets.xcassets */; };
		61DB68591CBC596F00BD1F65 /* LaunchScreen.storyboard in Resources */ = {isa = PBXBuildFile; fileRef = 61DB68571CBC596F00BD1F65 /* LaunchScreen.storyboard */; };
		61DB687C1CBC5A1A00BD1F65 /* TableViewCell.swift in Sources */ = {isa = PBXBuildFile; fileRef = 61DB686F1CBC5A1A00BD1F65 /* TableViewCell.swift */; };
		61DB687D1CBC5A1A00BD1F65 /* TableViewCell.xib in Resources */ = {isa = PBXBuildFile; fileRef = 61DB68701CBC5A1A00BD1F65 /* TableViewCell.xib */; };
		61DB687E1CBC5A1A00BD1F65 /* StreamModel.swift in Sources */ = {isa = PBXBuildFile; fileRef = 61DB68721CBC5A1A00BD1F65 /* StreamModel.swift */; };
		61DB687F1CBC5A1A00BD1F65 /* UpdateModel.swift in Sources */ = {isa = PBXBuildFile; fileRef = 61DB68731CBC5A1A00BD1F65 /* UpdateModel.swift */; };
		61DB68801CBC5A1A00BD1F65 /* NetworkStack.swift in Sources */ = {isa = PBXBuildFile; fileRef = 61DB68751CBC5A1A00BD1F65 /* NetworkStack.swift */; };
		61DB68811CBC5A1A00BD1F65 /* UpdateHelpers.swift in Sources */ = {isa = PBXBuildFile; fileRef = 61DB68761CBC5A1A00BD1F65 /* UpdateHelpers.swift */; };
		61DB68821CBC5A1A00BD1F65 /* DetailViewController.swift in Sources */ = {isa = PBXBuildFile; fileRef = 61DB68781CBC5A1A00BD1F65 /* DetailViewController.swift */; };
		61DB68831CBC5A1A00BD1F65 /* DetailViewController.xib in Resources */ = {isa = PBXBuildFile; fileRef = 61DB68791CBC5A1A00BD1F65 /* DetailViewController.xib */; };
		61DB68841CBC5A1A00BD1F65 /* MainViewController.swift in Sources */ = {isa = PBXBuildFile; fileRef = 61DB687A1CBC5A1A00BD1F65 /* MainViewController.swift */; };
		61DB68851CBC5A1A00BD1F65 /* MainViewController.xib in Resources */ = {isa = PBXBuildFile; fileRef = 61DB687B1CBC5A1A00BD1F65 /* MainViewController.xib */; };
		61DB68871CBC5C5200BD1F65 /* PerformanceTests.swift in Sources */ = {isa = PBXBuildFile; fileRef = 61DB68861CBC5C5200BD1F65 /* PerformanceTests.swift */; };
		6C45BC922373C4407D88F511 /* Pods_ConsistencyManagerDemoTests.framework in Frameworks */ = {isa = PBXBuildFile; fileRef = 6422FA64723520B3B58D3F12 /* Pods_ConsistencyManagerDemoTests.framework */; };
		AF759A538C1EE5957F5BC2A3 /* Pods_ConsistencyManagerDemo_tvOS.framework in Frameworks */ = {isa = PBXBuildFile; fileRef = 1E301B8B38478DB5E0CF2BDB /* Pods_ConsistencyManagerDemo_tvOS.framework */; };
/* End PBXBuildFile section */

/* Begin PBXContainerItemProxy section */
		49091CF51E2079A1000B9B1E /* PBXContainerItemProxy */ = {
			isa = PBXContainerItemProxy;
			containerPortal = 61DB68431CBC596F00BD1F65 /* Project object */;
			proxyType = 1;
			remoteGlobalIDString = 49091CE31E2079A0000B9B1E;
			remoteInfo = "ConsistencyManagerDemo-tvOS";
		};
		61DB68601CBC596F00BD1F65 /* PBXContainerItemProxy */ = {
			isa = PBXContainerItemProxy;
			containerPortal = 61DB68431CBC596F00BD1F65 /* Project object */;
			proxyType = 1;
			remoteGlobalIDString = 61DB684A1CBC596F00BD1F65;
			remoteInfo = ConsistencyManagerDemo;
		};
/* End PBXContainerItemProxy section */

/* Begin PBXFileReference section */
		1E301B8B38478DB5E0CF2BDB /* Pods_ConsistencyManagerDemo_tvOS.framework */ = {isa = PBXFileReference; explicitFileType = wrapper.framework; includeInIndex = 0; path = Pods_ConsistencyManagerDemo_tvOS.framework; sourceTree = BUILT_PRODUCTS_DIR; };
		3779C3531210BAFCB64DF584 /* Pods-ConsistencyManagerDemo-tvOS.release.xcconfig */ = {isa = PBXFileReference; includeInIndex = 1; lastKnownFileType = text.xcconfig; name = "Pods-ConsistencyManagerDemo-tvOS.release.xcconfig"; path = "Pods/Target Support Files/Pods-ConsistencyManagerDemo-tvOS/Pods-ConsistencyManagerDemo-tvOS.release.xcconfig"; sourceTree = "<group>"; };
		3A9A75E425730DE488A1203C /* Pods_ConsistencyManagerDemo_tvOSTests.framework */ = {isa = PBXFileReference; explicitFileType = wrapper.framework; includeInIndex = 0; path = Pods_ConsistencyManagerDemo_tvOSTests.framework; sourceTree = BUILT_PRODUCTS_DIR; };
		49091CE41E2079A0000B9B1E /* ConsistencyManagerDemo-tvOS.app */ = {isa = PBXFileReference; explicitFileType = wrapper.application; includeInIndex = 0; path = "ConsistencyManagerDemo-tvOS.app"; sourceTree = BUILT_PRODUCTS_DIR; };
		49091CE61E2079A0000B9B1E /* AppDelegate.swift */ = {isa = PBXFileReference; lastKnownFileType = sourcecode.swift; path = AppDelegate.swift; sourceTree = "<group>"; };
		49091CEB1E2079A0000B9B1E /* Base */ = {isa = PBXFileReference; lastKnownFileType = file.storyboard; name = Base; path = Base.lproj/Main.storyboard; sourceTree = "<group>"; };
		49091CED1E2079A0000B9B1E /* Assets.xcassets */ = {isa = PBXFileReference; lastKnownFileType = folder.assetcatalog; path = Assets.xcassets; sourceTree = "<group>"; };
		49091CEF1E2079A0000B9B1E /* Info.plist */ = {isa = PBXFileReference; lastKnownFileType = text.plist.xml; path = Info.plist; sourceTree = "<group>"; };
		49091CF41E2079A0000B9B1E /* ConsistencyManagerDemo-tvOSTests.xctest */ = {isa = PBXFileReference; explicitFileType = wrapper.cfbundle; includeInIndex = 0; path = "ConsistencyManagerDemo-tvOSTests.xctest"; sourceTree = BUILT_PRODUCTS_DIR; };
		49091CFA1E2079A1000B9B1E /* Info.plist */ = {isa = PBXFileReference; lastKnownFileType = text.plist.xml; path = Info.plist; sourceTree = "<group>"; };
		49091D131E2096BB000B9B1E /* MainViewController.swift */ = {isa = PBXFileReference; fileEncoding = 4; lastKnownFileType = sourcecode.swift; path = MainViewController.swift; sourceTree = "<group>"; };
		49091D1B1E209766000B9B1E /* TableViewCell.xib */ = {isa = PBXFileReference; fileEncoding = 4; lastKnownFileType = file.xib; path = TableViewCell.xib; sourceTree = "<group>"; };
		49091D211E20992D000B9B1E /* TVDetailViewController.swift */ = {isa = PBXFileReference; fileEncoding = 4; lastKnownFileType = sourcecode.swift; path = TVDetailViewController.swift; sourceTree = "<group>"; };
		49091D231E209C5C000B9B1E /* TableViewCell.swift */ = {isa = PBXFileReference; fileEncoding = 4; lastKnownFileType = sourcecode.swift; path = TableViewCell.swift; sourceTree = "<group>"; };
		611562CE1CC06B810001F5CE /* ConsistencyManagerTestCase.swift */ = {isa = PBXFileReference; fileEncoding = 4; lastKnownFileType = sourcecode.swift; name = ConsistencyManagerTestCase.swift; path = ../../ConsistencyManagerTests/HelperClasses/ConsistencyManagerTestCase.swift; sourceTree = "<group>"; };
		611562CF1CC06B810001F5CE /* TestListener.swift */ = {isa = PBXFileReference; fileEncoding = 4; lastKnownFileType = sourcecode.swift; name = TestListener.swift; path = ../../ConsistencyManagerTests/HelperClasses/TestListener.swift; sourceTree = "<group>"; };
		611562D01CC06B810001F5CE /* TestModel.swift */ = {isa = PBXFileReference; fileEncoding = 4; lastKnownFileType = sourcecode.swift; name = TestModel.swift; path = ../../ConsistencyManagerTests/HelperClasses/TestModel.swift; sourceTree = "<group>"; };
		611562D11CC06B810001F5CE /* TestModelGenerator.swift */ = {isa = PBXFileReference; fileEncoding = 4; lastKnownFileType = sourcecode.swift; name = TestModelGenerator.swift; path = ../../ConsistencyManagerTests/HelperClasses/TestModelGenerator.swift; sourceTree = "<group>"; };
		611562D21CC06B810001F5CE /* TestRequiredModel.swift */ = {isa = PBXFileReference; fileEncoding = 4; lastKnownFileType = sourcecode.swift; name = TestRequiredModel.swift; path = ../../ConsistencyManagerTests/HelperClasses/TestRequiredModel.swift; sourceTree = "<group>"; };
		61BCF9C21D91A08A0034F8BA /* ProjectionTestModel.swift */ = {isa = PBXFileReference; fileEncoding = 4; lastKnownFileType = sourcecode.swift; name = ProjectionTestModel.swift; path = ../../ConsistencyManagerTests/HelperClasses/ProjectionTestModel.swift; sourceTree = "<group>"; };
		61DB684B1CBC596F00BD1F65 /* ConsistencyManagerDemo.app */ = {isa = PBXFileReference; explicitFileType = wrapper.application; includeInIndex = 0; path = ConsistencyManagerDemo.app; sourceTree = BUILT_PRODUCTS_DIR; };
		61DB684E1CBC596F00BD1F65 /* AppDelegate.swift */ = {isa = PBXFileReference; lastKnownFileType = sourcecode.swift; path = AppDelegate.swift; sourceTree = "<group>"; };
		61DB68551CBC596F00BD1F65 /* Assets.xcassets */ = {isa = PBXFileReference; lastKnownFileType = folder.assetcatalog; path = Assets.xcassets; sourceTree = "<group>"; };
		61DB68581CBC596F00BD1F65 /* Base */ = {isa = PBXFileReference; lastKnownFileType = file.storyboard; name = Base; path = Base.lproj/LaunchScreen.storyboard; sourceTree = "<group>"; };
		61DB685A1CBC596F00BD1F65 /* Info.plist */ = {isa = PBXFileReference; lastKnownFileType = text.plist.xml; path = Info.plist; sourceTree = "<group>"; };
		61DB685F1CBC596F00BD1F65 /* ConsistencyManagerDemoTests.xctest */ = {isa = PBXFileReference; explicitFileType = wrapper.cfbundle; includeInIndex = 0; path = ConsistencyManagerDemoTests.xctest; sourceTree = BUILT_PRODUCTS_DIR; };
		61DB68651CBC596F00BD1F65 /* Info.plist */ = {isa = PBXFileReference; lastKnownFileType = text.plist.xml; path = Info.plist; sourceTree = "<group>"; };
		61DB686F1CBC5A1A00BD1F65 /* TableViewCell.swift */ = {isa = PBXFileReference; fileEncoding = 4; lastKnownFileType = sourcecode.swift; path = TableViewCell.swift; sourceTree = "<group>"; };
		61DB68701CBC5A1A00BD1F65 /* TableViewCell.xib */ = {isa = PBXFileReference; fileEncoding = 4; lastKnownFileType = file.xib; path = TableViewCell.xib; sourceTree = "<group>"; };
		61DB68721CBC5A1A00BD1F65 /* StreamModel.swift */ = {isa = PBXFileReference; fileEncoding = 4; lastKnownFileType = sourcecode.swift; path = StreamModel.swift; sourceTree = "<group>"; };
		61DB68731CBC5A1A00BD1F65 /* UpdateModel.swift */ = {isa = PBXFileReference; fileEncoding = 4; lastKnownFileType = sourcecode.swift; path = UpdateModel.swift; sourceTree = "<group>"; };
		61DB68751CBC5A1A00BD1F65 /* NetworkStack.swift */ = {isa = PBXFileReference; fileEncoding = 4; lastKnownFileType = sourcecode.swift; path = NetworkStack.swift; sourceTree = "<group>"; };
		61DB68761CBC5A1A00BD1F65 /* UpdateHelpers.swift */ = {isa = PBXFileReference; fileEncoding = 4; lastKnownFileType = sourcecode.swift; path = UpdateHelpers.swift; sourceTree = "<group>"; };
		61DB68781CBC5A1A00BD1F65 /* DetailViewController.swift */ = {isa = PBXFileReference; fileEncoding = 4; lastKnownFileType = sourcecode.swift; path = DetailViewController.swift; sourceTree = "<group>"; };
		61DB68791CBC5A1A00BD1F65 /* DetailViewController.xib */ = {isa = PBXFileReference; fileEncoding = 4; lastKnownFileType = file.xib; path = DetailViewController.xib; sourceTree = "<group>"; };
		61DB687A1CBC5A1A00BD1F65 /* MainViewController.swift */ = {isa = PBXFileReference; fileEncoding = 4; lastKnownFileType = sourcecode.swift; path = MainViewController.swift; sourceTree = "<group>"; };
		61DB687B1CBC5A1A00BD1F65 /* MainViewController.xib */ = {isa = PBXFileReference; fileEncoding = 4; lastKnownFileType = file.xib; path = MainViewController.xib; sourceTree = "<group>"; };
		61DB68861CBC5C5200BD1F65 /* PerformanceTests.swift */ = {isa = PBXFileReference; fileEncoding = 4; lastKnownFileType = sourcecode.swift; path = PerformanceTests.swift; sourceTree = "<group>"; };
		6422FA64723520B3B58D3F12 /* Pods_ConsistencyManagerDemoTests.framework */ = {isa = PBXFileReference; explicitFileType = wrapper.framework; includeInIndex = 0; path = Pods_ConsistencyManagerDemoTests.framework; sourceTree = BUILT_PRODUCTS_DIR; };
		67A3BC9D7DEC52EF610E9A0F /* Pods-ConsistencyManagerDemo-tvOSTests.release.xcconfig */ = {isa = PBXFileReference; includeInIndex = 1; lastKnownFileType = text.xcconfig; name = "Pods-ConsistencyManagerDemo-tvOSTests.release.xcconfig"; path = "Pods/Target Support Files/Pods-ConsistencyManagerDemo-tvOSTests/Pods-ConsistencyManagerDemo-tvOSTests.release.xcconfig"; sourceTree = "<group>"; };
		6E210B67B1E1FD1686485F50 /* Pods-ConsistencyManagerDemo.debug.xcconfig */ = {isa = PBXFileReference; includeInIndex = 1; lastKnownFileType = text.xcconfig; name = "Pods-ConsistencyManagerDemo.debug.xcconfig"; path = "Pods/Target Support Files/Pods-ConsistencyManagerDemo/Pods-ConsistencyManagerDemo.debug.xcconfig"; sourceTree = "<group>"; };
		6FEA8AABABA00CA3075CEEA0 /* Pods-ConsistencyManagerDemo-tvOS.debug.xcconfig */ = {isa = PBXFileReference; includeInIndex = 1; lastKnownFileType = text.xcconfig; name = "Pods-ConsistencyManagerDemo-tvOS.debug.xcconfig"; path = "Pods/Target Support Files/Pods-ConsistencyManagerDemo-tvOS/Pods-ConsistencyManagerDemo-tvOS.debug.xcconfig"; sourceTree = "<group>"; };
		734D065F5910B4D21566E7D5 /* Pods-ConsistencyManagerDemo.release.xcconfig */ = {isa = PBXFileReference; includeInIndex = 1; lastKnownFileType = text.xcconfig; name = "Pods-ConsistencyManagerDemo.release.xcconfig"; path = "Pods/Target Support Files/Pods-ConsistencyManagerDemo/Pods-ConsistencyManagerDemo.release.xcconfig"; sourceTree = "<group>"; };
		759A782C6CADF4AC944DF279 /* Pods-ConsistencyManagerDemoTests.debug.xcconfig */ = {isa = PBXFileReference; includeInIndex = 1; lastKnownFileType = text.xcconfig; name = "Pods-ConsistencyManagerDemoTests.debug.xcconfig"; path = "Pods/Target Support Files/Pods-ConsistencyManagerDemoTests/Pods-ConsistencyManagerDemoTests.debug.xcconfig"; sourceTree = "<group>"; };
		83845ACAE2EF7E3644E924FC /* Pods-ConsistencyManagerDemo-tvOSTests.debug.xcconfig */ = {isa = PBXFileReference; includeInIndex = 1; lastKnownFileType = text.xcconfig; name = "Pods-ConsistencyManagerDemo-tvOSTests.debug.xcconfig"; path = "Pods/Target Support Files/Pods-ConsistencyManagerDemo-tvOSTests/Pods-ConsistencyManagerDemo-tvOSTests.debug.xcconfig"; sourceTree = "<group>"; };
		B8EC009E94A4E8CC989B8CC3 /* Pods_ConsistencyManagerDemo.framework */ = {isa = PBXFileReference; explicitFileType = wrapper.framework; includeInIndex = 0; path = Pods_ConsistencyManagerDemo.framework; sourceTree = BUILT_PRODUCTS_DIR; };
		C344DB998673B6A206DFC7F6 /* Pods.framework */ = {isa = PBXFileReference; explicitFileType = wrapper.framework; includeInIndex = 0; path = Pods.framework; sourceTree = BUILT_PRODUCTS_DIR; };
		FF19B31ACE93FA0F4E627B2C /* Pods-ConsistencyManagerDemoTests.release.xcconfig */ = {isa = PBXFileReference; includeInIndex = 1; lastKnownFileType = text.xcconfig; name = "Pods-ConsistencyManagerDemoTests.release.xcconfig"; path = "Pods/Target Support Files/Pods-ConsistencyManagerDemoTests/Pods-ConsistencyManagerDemoTests.release.xcconfig"; sourceTree = "<group>"; };
/* End PBXFileReference section */

/* Begin PBXFrameworksBuildPhase section */
		49091CE11E2079A0000B9B1E /* Frameworks */ = {
			isa = PBXFrameworksBuildPhase;
			buildActionMask = 2147483647;
			files = (
				AF759A538C1EE5957F5BC2A3 /* Pods_ConsistencyManagerDemo_tvOS.framework in Frameworks */,
			);
			runOnlyForDeploymentPostprocessing = 0;
		};
		49091CF11E2079A0000B9B1E /* Frameworks */ = {
			isa = PBXFrameworksBuildPhase;
			buildActionMask = 2147483647;
			files = (
				2A867D658D754EA57C4B2555 /* Pods_ConsistencyManagerDemo_tvOSTests.framework in Frameworks */,
			);
			runOnlyForDeploymentPostprocessing = 0;
		};
		61DB68481CBC596F00BD1F65 /* Frameworks */ = {
			isa = PBXFrameworksBuildPhase;
			buildActionMask = 2147483647;
			files = (
				47701B439C16D9E6BC8A5589 /* Pods_ConsistencyManagerDemo.framework in Frameworks */,
			);
			runOnlyForDeploymentPostprocessing = 0;
		};
		61DB685C1CBC596F00BD1F65 /* Frameworks */ = {
			isa = PBXFrameworksBuildPhase;
			buildActionMask = 2147483647;
			files = (
				6C45BC922373C4407D88F511 /* Pods_ConsistencyManagerDemoTests.framework in Frameworks */,
			);
			runOnlyForDeploymentPostprocessing = 0;
		};
/* End PBXFrameworksBuildPhase section */

/* Begin PBXGroup section */
		4003325896F3F42FE43A086C /* Pods */ = {
			isa = PBXGroup;
			children = (
				6E210B67B1E1FD1686485F50 /* Pods-ConsistencyManagerDemo.debug.xcconfig */,
				734D065F5910B4D21566E7D5 /* Pods-ConsistencyManagerDemo.release.xcconfig */,
				759A782C6CADF4AC944DF279 /* Pods-ConsistencyManagerDemoTests.debug.xcconfig */,
				FF19B31ACE93FA0F4E627B2C /* Pods-ConsistencyManagerDemoTests.release.xcconfig */,
				6FEA8AABABA00CA3075CEEA0 /* Pods-ConsistencyManagerDemo-tvOS.debug.xcconfig */,
				3779C3531210BAFCB64DF584 /* Pods-ConsistencyManagerDemo-tvOS.release.xcconfig */,
				83845ACAE2EF7E3644E924FC /* Pods-ConsistencyManagerDemo-tvOSTests.debug.xcconfig */,
				67A3BC9D7DEC52EF610E9A0F /* Pods-ConsistencyManagerDemo-tvOSTests.release.xcconfig */,
			);
			name = Pods;
			sourceTree = "<group>";
		};
		49091CE51E2079A0000B9B1E /* ConsistencyManagerDemo-tvOS */ = {
			isa = PBXGroup;
			children = (
				49091CE61E2079A0000B9B1E /* AppDelegate.swift */,
				49091D0F1E209689000B9B1E /* Cells */,
				49091D121E20969E000B9B1E /* ViewControllers */,
				49091CED1E2079A0000B9B1E /* Assets.xcassets */,
				49091CEF1E2079A0000B9B1E /* Info.plist */,
			);
			path = "ConsistencyManagerDemo-tvOS";
			sourceTree = "<group>";
		};
		49091CF71E2079A1000B9B1E /* ConsistencyManagerDemo-tvOSTests */ = {
			isa = PBXGroup;
			children = (
				49091CFA1E2079A1000B9B1E /* Info.plist */,
			);
			path = "ConsistencyManagerDemo-tvOSTests";
			sourceTree = "<group>";
		};
		49091D0F1E209689000B9B1E /* Cells */ = {
			isa = PBXGroup;
			children = (
				49091D231E209C5C000B9B1E /* TableViewCell.swift */,
				49091D1B1E209766000B9B1E /* TableViewCell.xib */,
			);
			name = Cells;
			sourceTree = "<group>";
		};
		49091D121E20969E000B9B1E /* ViewControllers */ = {
			isa = PBXGroup;
			children = (
				49091CEA1E2079A0000B9B1E /* Main.storyboard */,
				49091D131E2096BB000B9B1E /* MainViewController.swift */,
				49091D211E20992D000B9B1E /* TVDetailViewController.swift */,
			);
			name = ViewControllers;
			sourceTree = "<group>";
		};
		4944505A1E230A5900986C71 /* Shared */ = {
			isa = PBXGroup;
			children = (
				61DB68711CBC5A1A00BD1F65 /* Models */,
				61DB68741CBC5A1A00BD1F65 /* Network */,
			);
			name = Shared;
			sourceTree = "<group>";
		};
		611562CD1CC06B710001F5CE /* HelperClasses */ = {
			isa = PBXGroup;
			children = (
				611562CE1CC06B810001F5CE /* ConsistencyManagerTestCase.swift */,
				611562CF1CC06B810001F5CE /* TestListener.swift */,
				611562D01CC06B810001F5CE /* TestModel.swift */,
				611562D11CC06B810001F5CE /* TestModelGenerator.swift */,
				611562D21CC06B810001F5CE /* TestRequiredModel.swift */,
				61BCF9C21D91A08A0034F8BA /* ProjectionTestModel.swift */,
			);
			name = HelperClasses;
			sourceTree = "<group>";
		};
		61DB68421CBC596F00BD1F65 = {
			isa = PBXGroup;
			children = (
				4944505A1E230A5900986C71 /* Shared */,
				61DB684D1CBC596F00BD1F65 /* ConsistencyManagerDemo */,
				61DB68621CBC596F00BD1F65 /* ConsistencyManagerDemoTests */,
				49091CE51E2079A0000B9B1E /* ConsistencyManagerDemo-tvOS */,
				49091CF71E2079A1000B9B1E /* ConsistencyManagerDemo-tvOSTests */,
				61DB684C1CBC596F00BD1F65 /* Products */,
				F315C729CD095388D8AE0B52 /* Frameworks */,
				4003325896F3F42FE43A086C /* Pods */,
			);
			sourceTree = "<group>";
		};
		61DB684C1CBC596F00BD1F65 /* Products */ = {
			isa = PBXGroup;
			children = (
				61DB684B1CBC596F00BD1F65 /* ConsistencyManagerDemo.app */,
				61DB685F1CBC596F00BD1F65 /* ConsistencyManagerDemoTests.xctest */,
				49091CE41E2079A0000B9B1E /* ConsistencyManagerDemo-tvOS.app */,
				49091CF41E2079A0000B9B1E /* ConsistencyManagerDemo-tvOSTests.xctest */,
			);
			name = Products;
			sourceTree = "<group>";
		};
		61DB684D1CBC596F00BD1F65 /* ConsistencyManagerDemo */ = {
			isa = PBXGroup;
			children = (
				61DB684E1CBC596F00BD1F65 /* AppDelegate.swift */,
				61DB686E1CBC5A1A00BD1F65 /* Cells */,
				61DB68771CBC5A1A00BD1F65 /* ViewControllers */,
				61DB68551CBC596F00BD1F65 /* Assets.xcassets */,
				61DB68571CBC596F00BD1F65 /* LaunchScreen.storyboard */,
				61DB685A1CBC596F00BD1F65 /* Info.plist */,
			);
			path = ConsistencyManagerDemo;
			sourceTree = "<group>";
		};
		61DB68621CBC596F00BD1F65 /* ConsistencyManagerDemoTests */ = {
			isa = PBXGroup;
			children = (
				611562CD1CC06B710001F5CE /* HelperClasses */,
				61DB68861CBC5C5200BD1F65 /* PerformanceTests.swift */,
				61DB68651CBC596F00BD1F65 /* Info.plist */,
			);
			path = ConsistencyManagerDemoTests;
			sourceTree = "<group>";
		};
		61DB686E1CBC5A1A00BD1F65 /* Cells */ = {
			isa = PBXGroup;
			children = (
				61DB686F1CBC5A1A00BD1F65 /* TableViewCell.swift */,
				61DB68701CBC5A1A00BD1F65 /* TableViewCell.xib */,
			);
			path = Cells;
			sourceTree = "<group>";
		};
		61DB68711CBC5A1A00BD1F65 /* Models */ = {
			isa = PBXGroup;
			children = (
				61DB68721CBC5A1A00BD1F65 /* StreamModel.swift */,
				61DB68731CBC5A1A00BD1F65 /* UpdateModel.swift */,
			);
			name = Models;
			path = ConsistencyManagerDemo/Models;
			sourceTree = "<group>";
		};
		61DB68741CBC5A1A00BD1F65 /* Network */ = {
			isa = PBXGroup;
			children = (
				61DB68751CBC5A1A00BD1F65 /* NetworkStack.swift */,
				61DB68761CBC5A1A00BD1F65 /* UpdateHelpers.swift */,
			);
			name = Network;
			path = ConsistencyManagerDemo/Network;
			sourceTree = "<group>";
		};
		61DB68771CBC5A1A00BD1F65 /* ViewControllers */ = {
			isa = PBXGroup;
			children = (
				61DB68781CBC5A1A00BD1F65 /* DetailViewController.swift */,
				61DB68791CBC5A1A00BD1F65 /* DetailViewController.xib */,
				61DB687A1CBC5A1A00BD1F65 /* MainViewController.swift */,
				61DB687B1CBC5A1A00BD1F65 /* MainViewController.xib */,
			);
			path = ViewControllers;
			sourceTree = "<group>";
		};
		F315C729CD095388D8AE0B52 /* Frameworks */ = {
			isa = PBXGroup;
			children = (
				C344DB998673B6A206DFC7F6 /* Pods.framework */,
				B8EC009E94A4E8CC989B8CC3 /* Pods_ConsistencyManagerDemo.framework */,
				6422FA64723520B3B58D3F12 /* Pods_ConsistencyManagerDemoTests.framework */,
				1E301B8B38478DB5E0CF2BDB /* Pods_ConsistencyManagerDemo_tvOS.framework */,
				3A9A75E425730DE488A1203C /* Pods_ConsistencyManagerDemo_tvOSTests.framework */,
			);
			name = Frameworks;
			sourceTree = "<group>";
		};
/* End PBXGroup section */

/* Begin PBXNativeTarget section */
		49091CE31E2079A0000B9B1E /* ConsistencyManagerDemo-tvOS */ = {
			isa = PBXNativeTarget;
			buildConfigurationList = 49091D0C1E2079A1000B9B1E /* Build configuration list for PBXNativeTarget "ConsistencyManagerDemo-tvOS" */;
			buildPhases = (
				EB49A44F6D92BC6AC8C57925 /* [CP] Check Pods Manifest.lock */,
				49091CE01E2079A0000B9B1E /* Sources */,
				49091CE11E2079A0000B9B1E /* Frameworks */,
				49091CE21E2079A0000B9B1E /* Resources */,
				9FBFDBA90D522FCD2E2D67FA /* [CP] Embed Pods Frameworks */,
				973AAB69607D9A8494C72F25 /* [CP] Copy Pods Resources */,
			);
			buildRules = (
			);
			dependencies = (
			);
			name = "ConsistencyManagerDemo-tvOS";
			productName = "ConsistencyManagerDemo-tvOS";
			productReference = 49091CE41E2079A0000B9B1E /* ConsistencyManagerDemo-tvOS.app */;
			productType = "com.apple.product-type.application";
		};
		49091CF31E2079A0000B9B1E /* ConsistencyManagerDemo-tvOSTests */ = {
			isa = PBXNativeTarget;
			buildConfigurationList = 49091D0D1E2079A1000B9B1E /* Build configuration list for PBXNativeTarget "ConsistencyManagerDemo-tvOSTests" */;
			buildPhases = (
				80C0D309EE4098885B12DD16 /* [CP] Check Pods Manifest.lock */,
				49091CF01E2079A0000B9B1E /* Sources */,
				49091CF11E2079A0000B9B1E /* Frameworks */,
				49091CF21E2079A0000B9B1E /* Resources */,
				95E180E613E10C8CCE907978 /* [CP] Embed Pods Frameworks */,
				CF45CB55DAA8DDFB9ECC04E8 /* [CP] Copy Pods Resources */,
			);
			buildRules = (
			);
			dependencies = (
				49091CF61E2079A1000B9B1E /* PBXTargetDependency */,
			);
			name = "ConsistencyManagerDemo-tvOSTests";
			productName = "ConsistencyManagerDemo-tvOSTests";
			productReference = 49091CF41E2079A0000B9B1E /* ConsistencyManagerDemo-tvOSTests.xctest */;
			productType = "com.apple.product-type.bundle.unit-test";
		};
		61DB684A1CBC596F00BD1F65 /* ConsistencyManagerDemo */ = {
			isa = PBXNativeTarget;
			buildConfigurationList = 61DB68681CBC596F00BD1F65 /* Build configuration list for PBXNativeTarget "ConsistencyManagerDemo" */;
			buildPhases = (
				DE066A886970E3002EA1B200 /* [CP] Check Pods Manifest.lock */,
				61DB68471CBC596F00BD1F65 /* Sources */,
				61DB68481CBC596F00BD1F65 /* Frameworks */,
				61DB68491CBC596F00BD1F65 /* Resources */,
				3368ABD8ABB70E4DE5637DC5 /* [CP] Embed Pods Frameworks */,
				314329789AD2B373909895C4 /* [CP] Copy Pods Resources */,
			);
			buildRules = (
			);
			dependencies = (
			);
			name = ConsistencyManagerDemo;
			productName = ConsistencyManagerDemo;
			productReference = 61DB684B1CBC596F00BD1F65 /* ConsistencyManagerDemo.app */;
			productType = "com.apple.product-type.application";
		};
		61DB685E1CBC596F00BD1F65 /* ConsistencyManagerDemoTests */ = {
			isa = PBXNativeTarget;
			buildConfigurationList = 61DB686B1CBC596F00BD1F65 /* Build configuration list for PBXNativeTarget "ConsistencyManagerDemoTests" */;
			buildPhases = (
				88DF663DD2D8E929007A60CE /* [CP] Check Pods Manifest.lock */,
				61DB685B1CBC596F00BD1F65 /* Sources */,
				61DB685C1CBC596F00BD1F65 /* Frameworks */,
				61DB685D1CBC596F00BD1F65 /* Resources */,
				D1F2E7B3AED4AD7F0212ED88 /* [CP] Embed Pods Frameworks */,
				E89AD40B1913B6D56B8EC358 /* [CP] Copy Pods Resources */,
			);
			buildRules = (
			);
			dependencies = (
				61DB68611CBC596F00BD1F65 /* PBXTargetDependency */,
			);
			name = ConsistencyManagerDemoTests;
			productName = ConsistencyManagerDemoTests;
			productReference = 61DB685F1CBC596F00BD1F65 /* ConsistencyManagerDemoTests.xctest */;
			productType = "com.apple.product-type.bundle.unit-test";
		};
/* End PBXNativeTarget section */

/* Begin PBXProject section */
		61DB68431CBC596F00BD1F65 /* Project object */ = {
			isa = PBXProject;
			attributes = {
				LastSwiftUpdateCheck = 0820;
				LastUpgradeCheck = 0820;
				ORGANIZATIONNAME = LinkedIn;
				TargetAttributes = {
					49091CE31E2079A0000B9B1E = {
						CreatedOnToolsVersion = 8.2.1;
						ProvisioningStyle = Automatic;
					};
					49091CF31E2079A0000B9B1E = {
						CreatedOnToolsVersion = 8.2.1;
						DevelopmentTeam = 2DP9335PZJ;
						ProvisioningStyle = Automatic;
						TestTargetID = 49091CE31E2079A0000B9B1E;
					};
					61DB684A1CBC596F00BD1F65 = {
						CreatedOnToolsVersion = 7.2.1;
						LastSwiftMigration = 0800;
					};
					61DB685E1CBC596F00BD1F65 = {
						CreatedOnToolsVersion = 7.2.1;
						LastSwiftMigration = 0800;
						TestTargetID = 61DB684A1CBC596F00BD1F65;
					};
				};
			};
			buildConfigurationList = 61DB68461CBC596F00BD1F65 /* Build configuration list for PBXProject "ConsistencyManagerDemo" */;
			compatibilityVersion = "Xcode 3.2";
			developmentRegion = English;
			hasScannedForEncodings = 0;
			knownRegions = (
				en,
				Base,
			);
			mainGroup = 61DB68421CBC596F00BD1F65;
			productRefGroup = 61DB684C1CBC596F00BD1F65 /* Products */;
			projectDirPath = "";
			projectRoot = "";
			targets = (
				61DB684A1CBC596F00BD1F65 /* ConsistencyManagerDemo */,
				61DB685E1CBC596F00BD1F65 /* ConsistencyManagerDemoTests */,
				49091CE31E2079A0000B9B1E /* ConsistencyManagerDemo-tvOS */,
				49091CF31E2079A0000B9B1E /* ConsistencyManagerDemo-tvOSTests */,
			);
		};
/* End PBXProject section */

/* Begin PBXResourcesBuildPhase section */
		49091CE21E2079A0000B9B1E /* Resources */ = {
			isa = PBXResourcesBuildPhase;
			buildActionMask = 2147483647;
			files = (
				49091CEE1E2079A0000B9B1E /* Assets.xcassets in Resources */,
				49091D1C1E209766000B9B1E /* TableViewCell.xib in Resources */,
				49091CEC1E2079A0000B9B1E /* Main.storyboard in Resources */,
			);
			runOnlyForDeploymentPostprocessing = 0;
		};
		49091CF21E2079A0000B9B1E /* Resources */ = {
			isa = PBXResourcesBuildPhase;
			buildActionMask = 2147483647;
			files = (
			);
			runOnlyForDeploymentPostprocessing = 0;
		};
		61DB68491CBC596F00BD1F65 /* Resources */ = {
			isa = PBXResourcesBuildPhase;
			buildActionMask = 2147483647;
			files = (
				61DB68591CBC596F00BD1F65 /* LaunchScreen.storyboard in Resources */,
				61DB687D1CBC5A1A00BD1F65 /* TableViewCell.xib in Resources */,
				61DB68851CBC5A1A00BD1F65 /* MainViewController.xib in Resources */,
				61DB68561CBC596F00BD1F65 /* Assets.xcassets in Resources */,
				61DB68831CBC5A1A00BD1F65 /* DetailViewController.xib in Resources */,
			);
			runOnlyForDeploymentPostprocessing = 0;
		};
		61DB685D1CBC596F00BD1F65 /* Resources */ = {
			isa = PBXResourcesBuildPhase;
			buildActionMask = 2147483647;
			files = (
			);
			runOnlyForDeploymentPostprocessing = 0;
		};
/* End PBXResourcesBuildPhase section */

/* Begin PBXShellScriptBuildPhase section */
		314329789AD2B373909895C4 /* [CP] Copy Pods Resources */ = {
			isa = PBXShellScriptBuildPhase;
			buildActionMask = 2147483647;
			files = (
			);
			inputPaths = (
			);
			name = "[CP] Copy Pods Resources";
			outputPaths = (
			);
			runOnlyForDeploymentPostprocessing = 0;
			shellPath = /bin/sh;
			shellScript = "\"${SRCROOT}/Pods/Target Support Files/Pods-ConsistencyManagerDemo/Pods-ConsistencyManagerDemo-resources.sh\"\n";
			showEnvVarsInLog = 0;
		};
		3368ABD8ABB70E4DE5637DC5 /* [CP] Embed Pods Frameworks */ = {
			isa = PBXShellScriptBuildPhase;
			buildActionMask = 2147483647;
			files = (
			);
			inputPaths = (
			);
			name = "[CP] Embed Pods Frameworks";
			outputPaths = (
			);
			runOnlyForDeploymentPostprocessing = 0;
			shellPath = /bin/sh;
			shellScript = "\"${SRCROOT}/Pods/Target Support Files/Pods-ConsistencyManagerDemo/Pods-ConsistencyManagerDemo-frameworks.sh\"\n";
			showEnvVarsInLog = 0;
		};
		80C0D309EE4098885B12DD16 /* [CP] Check Pods Manifest.lock */ = {
			isa = PBXShellScriptBuildPhase;
			buildActionMask = 2147483647;
			files = (
			);
			inputPaths = (
			);
			name = "[CP] Check Pods Manifest.lock";
			outputPaths = (
			);
			runOnlyForDeploymentPostprocessing = 0;
			shellPath = /bin/sh;
			shellScript = "diff \"${PODS_ROOT}/../Podfile.lock\" \"${PODS_ROOT}/Manifest.lock\" > /dev/null\nif [ $? != 0 ] ; then\n    # print error to STDERR\n    echo \"error: The sandbox is not in sync with the Podfile.lock. Run 'pod install' or update your CocoaPods installation.\" >&2\n    exit 1\nfi\n";
			showEnvVarsInLog = 0;
		};
		88DF663DD2D8E929007A60CE /* [CP] Check Pods Manifest.lock */ = {
			isa = PBXShellScriptBuildPhase;
			buildActionMask = 2147483647;
			files = (
			);
			inputPaths = (
			);
			name = "[CP] Check Pods Manifest.lock";
			outputPaths = (
			);
			runOnlyForDeploymentPostprocessing = 0;
			shellPath = /bin/sh;
			shellScript = "diff \"${PODS_ROOT}/../Podfile.lock\" \"${PODS_ROOT}/Manifest.lock\" > /dev/null\nif [ $? != 0 ] ; then\n    # print error to STDERR\n    echo \"error: The sandbox is not in sync with the Podfile.lock. Run 'pod install' or update your CocoaPods installation.\" >&2\n    exit 1\nfi\n";
			showEnvVarsInLog = 0;
		};
		95E180E613E10C8CCE907978 /* [CP] Embed Pods Frameworks */ = {
			isa = PBXShellScriptBuildPhase;
			buildActionMask = 2147483647;
			files = (
			);
			inputPaths = (
			);
			name = "[CP] Embed Pods Frameworks";
			outputPaths = (
			);
			runOnlyForDeploymentPostprocessing = 0;
			shellPath = /bin/sh;
			shellScript = "\"${SRCROOT}/Pods/Target Support Files/Pods-ConsistencyManagerDemo-tvOSTests/Pods-ConsistencyManagerDemo-tvOSTests-frameworks.sh\"\n";
			showEnvVarsInLog = 0;
		};
		973AAB69607D9A8494C72F25 /* [CP] Copy Pods Resources */ = {
			isa = PBXShellScriptBuildPhase;
			buildActionMask = 2147483647;
			files = (
			);
			inputPaths = (
			);
			name = "[CP] Copy Pods Resources";
			outputPaths = (
			);
			runOnlyForDeploymentPostprocessing = 0;
			shellPath = /bin/sh;
			shellScript = "\"${SRCROOT}/Pods/Target Support Files/Pods-ConsistencyManagerDemo-tvOS/Pods-ConsistencyManagerDemo-tvOS-resources.sh\"\n";
			showEnvVarsInLog = 0;
		};
		9FBFDBA90D522FCD2E2D67FA /* [CP] Embed Pods Frameworks */ = {
			isa = PBXShellScriptBuildPhase;
			buildActionMask = 2147483647;
			files = (
			);
			inputPaths = (
			);
			name = "[CP] Embed Pods Frameworks";
			outputPaths = (
			);
			runOnlyForDeploymentPostprocessing = 0;
			shellPath = /bin/sh;
			shellScript = "\"${SRCROOT}/Pods/Target Support Files/Pods-ConsistencyManagerDemo-tvOS/Pods-ConsistencyManagerDemo-tvOS-frameworks.sh\"\n";
			showEnvVarsInLog = 0;
		};
		CF45CB55DAA8DDFB9ECC04E8 /* [CP] Copy Pods Resources */ = {
			isa = PBXShellScriptBuildPhase;
			buildActionMask = 2147483647;
			files = (
			);
			inputPaths = (
			);
			name = "[CP] Copy Pods Resources";
			outputPaths = (
			);
			runOnlyForDeploymentPostprocessing = 0;
			shellPath = /bin/sh;
			shellScript = "\"${SRCROOT}/Pods/Target Support Files/Pods-ConsistencyManagerDemo-tvOSTests/Pods-ConsistencyManagerDemo-tvOSTests-resources.sh\"\n";
			showEnvVarsInLog = 0;
		};
		D1F2E7B3AED4AD7F0212ED88 /* [CP] Embed Pods Frameworks */ = {
			isa = PBXShellScriptBuildPhase;
			buildActionMask = 2147483647;
			files = (
			);
			inputPaths = (
			);
			name = "[CP] Embed Pods Frameworks";
			outputPaths = (
			);
			runOnlyForDeploymentPostprocessing = 0;
			shellPath = /bin/sh;
			shellScript = "\"${SRCROOT}/Pods/Target Support Files/Pods-ConsistencyManagerDemoTests/Pods-ConsistencyManagerDemoTests-frameworks.sh\"\n";
			showEnvVarsInLog = 0;
		};
		DE066A886970E3002EA1B200 /* [CP] Check Pods Manifest.lock */ = {
			isa = PBXShellScriptBuildPhase;
			buildActionMask = 2147483647;
			files = (
			);
			inputPaths = (
			);
			name = "[CP] Check Pods Manifest.lock";
			outputPaths = (
			);
			runOnlyForDeploymentPostprocessing = 0;
			shellPath = /bin/sh;
			shellScript = "diff \"${PODS_ROOT}/../Podfile.lock\" \"${PODS_ROOT}/Manifest.lock\" > /dev/null\nif [ $? != 0 ] ; then\n    # print error to STDERR\n    echo \"error: The sandbox is not in sync with the Podfile.lock. Run 'pod install' or update your CocoaPods installation.\" >&2\n    exit 1\nfi\n";
			showEnvVarsInLog = 0;
		};
		E89AD40B1913B6D56B8EC358 /* [CP] Copy Pods Resources */ = {
			isa = PBXShellScriptBuildPhase;
			buildActionMask = 2147483647;
			files = (
			);
			inputPaths = (
			);
			name = "[CP] Copy Pods Resources";
			outputPaths = (
			);
			runOnlyForDeploymentPostprocessing = 0;
			shellPath = /bin/sh;
			shellScript = "\"${SRCROOT}/Pods/Target Support Files/Pods-ConsistencyManagerDemoTests/Pods-ConsistencyManagerDemoTests-resources.sh\"\n";
			showEnvVarsInLog = 0;
		};
		EB49A44F6D92BC6AC8C57925 /* [CP] Check Pods Manifest.lock */ = {
			isa = PBXShellScriptBuildPhase;
			buildActionMask = 2147483647;
			files = (
			);
			inputPaths = (
			);
			name = "[CP] Check Pods Manifest.lock";
			outputPaths = (
			);
			runOnlyForDeploymentPostprocessing = 0;
			shellPath = /bin/sh;
			shellScript = "diff \"${PODS_ROOT}/../Podfile.lock\" \"${PODS_ROOT}/Manifest.lock\" > /dev/null\nif [ $? != 0 ] ; then\n    # print error to STDERR\n    echo \"error: The sandbox is not in sync with the Podfile.lock. Run 'pod install' or update your CocoaPods installation.\" >&2\n    exit 1\nfi\n";
			showEnvVarsInLog = 0;
		};
/* End PBXShellScriptBuildPhase section */

/* Begin PBXSourcesBuildPhase section */
		49091CE01E2079A0000B9B1E /* Sources */ = {
			isa = PBXSourcesBuildPhase;
			buildActionMask = 2147483647;
			files = (
				4944505B1E230A8300986C71 /* StreamModel.swift in Sources */,
				49091D241E209C5C000B9B1E /* TableViewCell.swift in Sources */,
				49091D141E2096BB000B9B1E /* MainViewController.swift in Sources */,
				49091CE71E2079A0000B9B1E /* AppDelegate.swift in Sources */,
				4944505E1E230B1E00986C71 /* UpdateHelpers.swift in Sources */,
				4944505C1E230B1900986C71 /* UpdateModel.swift in Sources */,
				4944505D1E230B1C00986C71 /* NetworkStack.swift in Sources */,
				494A0B411E21758900F7FAAB /* TVDetailViewController.swift in Sources */,
			);
			runOnlyForDeploymentPostprocessing = 0;
		};
		49091CF01E2079A0000B9B1E /* Sources */ = {
			isa = PBXSourcesBuildPhase;
			buildActionMask = 2147483647;
			files = (
				494A0B431E21960100F7FAAB /* ConsistencyManagerTestCase.swift in Sources */,
				494A0B481E21961000F7FAAB /* ProjectionTestModel.swift in Sources */,
				494A0B441E21960500F7FAAB /* TestListener.swift in Sources */,
				494A0B461E21960A00F7FAAB /* TestModelGenerator.swift in Sources */,
				494A0B471E21960D00F7FAAB /* TestRequiredModel.swift in Sources */,
				494A0B491E21961200F7FAAB /* PerformanceTests.swift in Sources */,
				494A0B451E21960800F7FAAB /* TestModel.swift in Sources */,
			);
			runOnlyForDeploymentPostprocessing = 0;
		};
		61DB68471CBC596F00BD1F65 /* Sources */ = {
			isa = PBXSourcesBuildPhase;
			buildActionMask = 2147483647;
			files = (
				61DB687F1CBC5A1A00BD1F65 /* UpdateModel.swift in Sources */,
				61DB68801CBC5A1A00BD1F65 /* NetworkStack.swift in Sources */,
				61DB684F1CBC596F00BD1F65 /* AppDelegate.swift in Sources */,
				61DB687C1CBC5A1A00BD1F65 /* TableViewCell.swift in Sources */,
				61DB68811CBC5A1A00BD1F65 /* UpdateHelpers.swift in Sources */,
				61DB687E1CBC5A1A00BD1F65 /* StreamModel.swift in Sources */,
				61DB68821CBC5A1A00BD1F65 /* DetailViewController.swift in Sources */,
				61DB68841CBC5A1A00BD1F65 /* MainViewController.swift in Sources */,
			);
			runOnlyForDeploymentPostprocessing = 0;
		};
		61DB685B1CBC596F00BD1F65 /* Sources */ = {
			isa = PBXSourcesBuildPhase;
			buildActionMask = 2147483647;
			files = (
				611562D31CC06B810001F5CE /* ConsistencyManagerTestCase.swift in Sources */,
				61BCF9C31D91A08A0034F8BA /* ProjectionTestModel.swift in Sources */,
				611562D41CC06B810001F5CE /* TestListener.swift in Sources */,
				611562D61CC06B810001F5CE /* TestModelGenerator.swift in Sources */,
				61DB68871CBC5C5200BD1F65 /* PerformanceTests.swift in Sources */,
				611562D71CC06B810001F5CE /* TestRequiredModel.swift in Sources */,
				611562D51CC06B810001F5CE /* TestModel.swift in Sources */,
			);
			runOnlyForDeploymentPostprocessing = 0;
		};
/* End PBXSourcesBuildPhase section */

/* Begin PBXTargetDependency section */
		49091CF61E2079A1000B9B1E /* PBXTargetDependency */ = {
			isa = PBXTargetDependency;
			target = 49091CE31E2079A0000B9B1E /* ConsistencyManagerDemo-tvOS */;
			targetProxy = 49091CF51E2079A1000B9B1E /* PBXContainerItemProxy */;
		};
		61DB68611CBC596F00BD1F65 /* PBXTargetDependency */ = {
			isa = PBXTargetDependency;
			target = 61DB684A1CBC596F00BD1F65 /* ConsistencyManagerDemo */;
			targetProxy = 61DB68601CBC596F00BD1F65 /* PBXContainerItemProxy */;
		};
/* End PBXTargetDependency section */

/* Begin PBXVariantGroup section */
		49091CEA1E2079A0000B9B1E /* Main.storyboard */ = {
			isa = PBXVariantGroup;
			children = (
				49091CEB1E2079A0000B9B1E /* Base */,
			);
			name = Main.storyboard;
			sourceTree = "<group>";
		};
		61DB68571CBC596F00BD1F65 /* LaunchScreen.storyboard */ = {
			isa = PBXVariantGroup;
			children = (
				61DB68581CBC596F00BD1F65 /* Base */,
			);
			name = LaunchScreen.storyboard;
			sourceTree = "<group>";
		};
/* End PBXVariantGroup section */

/* Begin XCBuildConfiguration section */
		49091D061E2079A1000B9B1E /* Debug */ = {
			isa = XCBuildConfiguration;
			baseConfigurationReference = 6FEA8AABABA00CA3075CEEA0 /* Pods-ConsistencyManagerDemo-tvOS.debug.xcconfig */;
			buildSettings = {
				ALWAYS_EMBED_SWIFT_STANDARD_LIBRARIES = YES;
				ASSETCATALOG_COMPILER_APPICON_NAME = "App Icon & Top Shelf Image";
				ASSETCATALOG_COMPILER_LAUNCHIMAGE_NAME = LaunchImage;
				CLANG_ANALYZER_NONNULL = YES;
				CLANG_WARN_DOCUMENTATION_COMMENTS = YES;
				DEVELOPMENT_TEAM = "";
				INFOPLIST_FILE = "ConsistencyManagerDemo-tvOS/Info.plist";
				LD_RUNPATH_SEARCH_PATHS = "$(inherited) @executable_path/Frameworks";
				PRODUCT_BUNDLE_IDENTIFIER = "LinkedIn.ConsistencyManagerDemo-tvOS";
				PRODUCT_NAME = "$(TARGET_NAME)";
				SDKROOT = appletvos;
				SWIFT_ACTIVE_COMPILATION_CONDITIONS = DEBUG;
				SWIFT_VERSION = 3.0;
				TARGETED_DEVICE_FAMILY = 3;
				TVOS_DEPLOYMENT_TARGET = 10.1;
			};
			name = Debug;
		};
		49091D071E2079A1000B9B1E /* Release */ = {
			isa = XCBuildConfiguration;
			baseConfigurationReference = 3779C3531210BAFCB64DF584 /* Pods-ConsistencyManagerDemo-tvOS.release.xcconfig */;
			buildSettings = {
				ALWAYS_EMBED_SWIFT_STANDARD_LIBRARIES = YES;
				ASSETCATALOG_COMPILER_APPICON_NAME = "App Icon & Top Shelf Image";
				ASSETCATALOG_COMPILER_LAUNCHIMAGE_NAME = LaunchImage;
				CLANG_ANALYZER_NONNULL = YES;
				CLANG_WARN_DOCUMENTATION_COMMENTS = YES;
				DEVELOPMENT_TEAM = "";
				INFOPLIST_FILE = "ConsistencyManagerDemo-tvOS/Info.plist";
				LD_RUNPATH_SEARCH_PATHS = "$(inherited) @executable_path/Frameworks";
				PRODUCT_BUNDLE_IDENTIFIER = "LinkedIn.ConsistencyManagerDemo-tvOS";
				PRODUCT_NAME = "$(TARGET_NAME)";
				SDKROOT = appletvos;
				SWIFT_VERSION = 3.0;
				TARGETED_DEVICE_FAMILY = 3;
				TVOS_DEPLOYMENT_TARGET = 10.1;
			};
			name = Release;
		};
		49091D081E2079A1000B9B1E /* Debug */ = {
			isa = XCBuildConfiguration;
			baseConfigurationReference = 83845ACAE2EF7E3644E924FC /* Pods-ConsistencyManagerDemo-tvOSTests.debug.xcconfig */;
			buildSettings = {
				ALWAYS_EMBED_SWIFT_STANDARD_LIBRARIES = YES;
				BUNDLE_LOADER = "$(TEST_HOST)";
				CLANG_ANALYZER_NONNULL = YES;
				CLANG_WARN_DOCUMENTATION_COMMENTS = YES;
				DEVELOPMENT_TEAM = 2DP9335PZJ;
				INFOPLIST_FILE = "ConsistencyManagerDemo-tvOSTests/Info.plist";
				LD_RUNPATH_SEARCH_PATHS = "$(inherited) @executable_path/Frameworks @loader_path/Frameworks";
				PRODUCT_BUNDLE_IDENTIFIER = "LinkedIn.ConsistencyManagerDemo-tvOSTests";
				PRODUCT_NAME = "$(TARGET_NAME)";
				SDKROOT = appletvos;
				SWIFT_ACTIVE_COMPILATION_CONDITIONS = DEBUG;
				SWIFT_VERSION = 3.0;
				TEST_HOST = "$(BUILT_PRODUCTS_DIR)/ConsistencyManagerDemo-tvOS.app/ConsistencyManagerDemo-tvOS";
				TVOS_DEPLOYMENT_TARGET = 10.1;
			};
			name = Debug;
		};
		49091D091E2079A1000B9B1E /* Release */ = {
			isa = XCBuildConfiguration;
			baseConfigurationReference = 67A3BC9D7DEC52EF610E9A0F /* Pods-ConsistencyManagerDemo-tvOSTests.release.xcconfig */;
			buildSettings = {
				ALWAYS_EMBED_SWIFT_STANDARD_LIBRARIES = YES;
				BUNDLE_LOADER = "$(TEST_HOST)";
				CLANG_ANALYZER_NONNULL = YES;
				CLANG_WARN_DOCUMENTATION_COMMENTS = YES;
				DEVELOPMENT_TEAM = 2DP9335PZJ;
				INFOPLIST_FILE = "ConsistencyManagerDemo-tvOSTests/Info.plist";
				LD_RUNPATH_SEARCH_PATHS = "$(inherited) @executable_path/Frameworks @loader_path/Frameworks";
				PRODUCT_BUNDLE_IDENTIFIER = "LinkedIn.ConsistencyManagerDemo-tvOSTests";
				PRODUCT_NAME = "$(TARGET_NAME)";
				SDKROOT = appletvos;
				SWIFT_VERSION = 3.0;
				TEST_HOST = "$(BUILT_PRODUCTS_DIR)/ConsistencyManagerDemo-tvOS.app/ConsistencyManagerDemo-tvOS";
				TVOS_DEPLOYMENT_TARGET = 10.1;
			};
			name = Release;
		};
		61DB68661CBC596F00BD1F65 /* Debug */ = {
			isa = XCBuildConfiguration;
			buildSettings = {
				ALWAYS_SEARCH_USER_PATHS = NO;
				CLANG_CXX_LANGUAGE_STANDARD = "gnu++0x";
				CLANG_CXX_LIBRARY = "libc++";
				CLANG_ENABLE_MODULES = YES;
				CLANG_ENABLE_OBJC_ARC = YES;
				CLANG_WARN_BOOL_CONVERSION = YES;
				CLANG_WARN_CONSTANT_CONVERSION = YES;
				CLANG_WARN_DIRECT_OBJC_ISA_USAGE = YES_ERROR;
				CLANG_WARN_EMPTY_BODY = YES;
				CLANG_WARN_ENUM_CONVERSION = YES;
				CLANG_WARN_INFINITE_RECURSION = YES;
				CLANG_WARN_INT_CONVERSION = YES;
				CLANG_WARN_OBJC_ROOT_CLASS = YES_ERROR;
				CLANG_WARN_SUSPICIOUS_MOVE = YES;
				CLANG_WARN_UNREACHABLE_CODE = YES;
				CLANG_WARN__DUPLICATE_METHOD_MATCH = YES;
				"CODE_SIGN_IDENTITY[sdk=iphoneos*]" = "iPhone Developer";
				COPY_PHASE_STRIP = NO;
				DEBUG_INFORMATION_FORMAT = dwarf;
				ENABLE_STRICT_OBJC_MSGSEND = YES;
				ENABLE_TESTABILITY = YES;
				GCC_C_LANGUAGE_STANDARD = gnu99;
				GCC_DYNAMIC_NO_PIC = NO;
				GCC_NO_COMMON_BLOCKS = YES;
				GCC_OPTIMIZATION_LEVEL = 0;
				GCC_PREPROCESSOR_DEFINITIONS = (
					"DEBUG=1",
					"$(inherited)",
				);
				GCC_WARN_64_TO_32_BIT_CONVERSION = YES;
				GCC_WARN_ABOUT_RETURN_TYPE = YES_ERROR;
				GCC_WARN_UNDECLARED_SELECTOR = YES;
				GCC_WARN_UNINITIALIZED_AUTOS = YES_AGGRESSIVE;
				GCC_WARN_UNUSED_FUNCTION = YES;
				GCC_WARN_UNUSED_VARIABLE = YES;
				IPHONEOS_DEPLOYMENT_TARGET = 9.2;
				MTL_ENABLE_DEBUG_INFO = YES;
				ONLY_ACTIVE_ARCH = YES;
				SDKROOT = iphoneos;
				SWIFT_OPTIMIZATION_LEVEL = "-Onone";
			};
			name = Debug;
		};
		61DB68671CBC596F00BD1F65 /* Release */ = {
			isa = XCBuildConfiguration;
			buildSettings = {
				ALWAYS_SEARCH_USER_PATHS = NO;
				CLANG_CXX_LANGUAGE_STANDARD = "gnu++0x";
				CLANG_CXX_LIBRARY = "libc++";
				CLANG_ENABLE_MODULES = YES;
				CLANG_ENABLE_OBJC_ARC = YES;
				CLANG_WARN_BOOL_CONVERSION = YES;
				CLANG_WARN_CONSTANT_CONVERSION = YES;
				CLANG_WARN_DIRECT_OBJC_ISA_USAGE = YES_ERROR;
				CLANG_WARN_EMPTY_BODY = YES;
				CLANG_WARN_ENUM_CONVERSION = YES;
				CLANG_WARN_INFINITE_RECURSION = YES;
				CLANG_WARN_INT_CONVERSION = YES;
				CLANG_WARN_OBJC_ROOT_CLASS = YES_ERROR;
				CLANG_WARN_SUSPICIOUS_MOVE = YES;
				CLANG_WARN_UNREACHABLE_CODE = YES;
				CLANG_WARN__DUPLICATE_METHOD_MATCH = YES;
				"CODE_SIGN_IDENTITY[sdk=iphoneos*]" = "iPhone Developer";
				COPY_PHASE_STRIP = NO;
				DEBUG_INFORMATION_FORMAT = "dwarf-with-dsym";
				ENABLE_NS_ASSERTIONS = NO;
				ENABLE_STRICT_OBJC_MSGSEND = YES;
				GCC_C_LANGUAGE_STANDARD = gnu99;
				GCC_NO_COMMON_BLOCKS = YES;
				GCC_WARN_64_TO_32_BIT_CONVERSION = YES;
				GCC_WARN_ABOUT_RETURN_TYPE = YES_ERROR;
				GCC_WARN_UNDECLARED_SELECTOR = YES;
				GCC_WARN_UNINITIALIZED_AUTOS = YES_AGGRESSIVE;
				GCC_WARN_UNUSED_FUNCTION = YES;
				GCC_WARN_UNUSED_VARIABLE = YES;
				IPHONEOS_DEPLOYMENT_TARGET = 9.2;
				MTL_ENABLE_DEBUG_INFO = NO;
				SDKROOT = iphoneos;
				SWIFT_OPTIMIZATION_LEVEL = "-Owholemodule";
				VALIDATE_PRODUCT = YES;
			};
			name = Release;
		};
		61DB68691CBC596F00BD1F65 /* Debug */ = {
			isa = XCBuildConfiguration;
			baseConfigurationReference = 6E210B67B1E1FD1686485F50 /* Pods-ConsistencyManagerDemo.debug.xcconfig */;
			buildSettings = {
				ALWAYS_EMBED_SWIFT_STANDARD_LIBRARIES = YES;
				ASSETCATALOG_COMPILER_APPICON_NAME = AppIcon;
				INFOPLIST_FILE = ConsistencyManagerDemo/Info.plist;
				LD_RUNPATH_SEARCH_PATHS = "$(inherited) @executable_path/Frameworks";
				PRODUCT_BUNDLE_IDENTIFIER = LinkedIn.ConsistencyManagerDemo;
				PRODUCT_NAME = "$(TARGET_NAME)";
				SWIFT_VERSION = 3.0;
				TARGETED_DEVICE_FAMILY = 1;
			};
			name = Debug;
		};
		61DB686A1CBC596F00BD1F65 /* Release */ = {
			isa = XCBuildConfiguration;
			baseConfigurationReference = 734D065F5910B4D21566E7D5 /* Pods-ConsistencyManagerDemo.release.xcconfig */;
			buildSettings = {
				ALWAYS_EMBED_SWIFT_STANDARD_LIBRARIES = YES;
				ASSETCATALOG_COMPILER_APPICON_NAME = AppIcon;
				INFOPLIST_FILE = ConsistencyManagerDemo/Info.plist;
				LD_RUNPATH_SEARCH_PATHS = "$(inherited) @executable_path/Frameworks";
				PRODUCT_BUNDLE_IDENTIFIER = LinkedIn.ConsistencyManagerDemo;
				PRODUCT_NAME = "$(TARGET_NAME)";
				SWIFT_VERSION = 3.0;
				TARGETED_DEVICE_FAMILY = 1;
			};
			name = Release;
		};
		61DB686C1CBC596F00BD1F65 /* Debug */ = {
			isa = XCBuildConfiguration;
			baseConfigurationReference = 759A782C6CADF4AC944DF279 /* Pods-ConsistencyManagerDemoTests.debug.xcconfig */;
			buildSettings = {
				ALWAYS_EMBED_SWIFT_STANDARD_LIBRARIES = YES;
				BUNDLE_LOADER = "$(TEST_HOST)";
				INFOPLIST_FILE = ConsistencyManagerDemoTests/Info.plist;
				LD_RUNPATH_SEARCH_PATHS = "$(inherited) @executable_path/Frameworks @loader_path/Frameworks";
				PRODUCT_BUNDLE_IDENTIFIER = LinkedIn.ConsistencyManagerDemoTests;
				PRODUCT_NAME = "$(TARGET_NAME)";
				SWIFT_VERSION = 3.0;
				TEST_HOST = "$(BUILT_PRODUCTS_DIR)/ConsistencyManagerDemo.app/ConsistencyManagerDemo";
			};
			name = Debug;
		};
		61DB686D1CBC596F00BD1F65 /* Release */ = {
			isa = XCBuildConfiguration;
			baseConfigurationReference = FF19B31ACE93FA0F4E627B2C /* Pods-ConsistencyManagerDemoTests.release.xcconfig */;
			buildSettings = {
				ALWAYS_EMBED_SWIFT_STANDARD_LIBRARIES = YES;
				BUNDLE_LOADER = "$(TEST_HOST)";
				INFOPLIST_FILE = ConsistencyManagerDemoTests/Info.plist;
				LD_RUNPATH_SEARCH_PATHS = "$(inherited) @executable_path/Frameworks @loader_path/Frameworks";
				PRODUCT_BUNDLE_IDENTIFIER = LinkedIn.ConsistencyManagerDemoTests;
				PRODUCT_NAME = "$(TARGET_NAME)";
				SWIFT_VERSION = 3.0;
				TEST_HOST = "$(BUILT_PRODUCTS_DIR)/ConsistencyManagerDemo.app/ConsistencyManagerDemo";
			};
			name = Release;
		};
/* End XCBuildConfiguration section */

/* Begin XCConfigurationList section */
		49091D0C1E2079A1000B9B1E /* Build configuration list for PBXNativeTarget "ConsistencyManagerDemo-tvOS" */ = {
			isa = XCConfigurationList;
			buildConfigurations = (
				49091D061E2079A1000B9B1E /* Debug */,
				49091D071E2079A1000B9B1E /* Release */,
			);
			defaultConfigurationIsVisible = 0;
			defaultConfigurationName = Release;
		};
		49091D0D1E2079A1000B9B1E /* Build configuration list for PBXNativeTarget "ConsistencyManagerDemo-tvOSTests" */ = {
			isa = XCConfigurationList;
			buildConfigurations = (
				49091D081E2079A1000B9B1E /* Debug */,
				49091D091E2079A1000B9B1E /* Release */,
			);
			defaultConfigurationIsVisible = 0;
			defaultConfigurationName = Release;
		};
		61DB68461CBC596F00BD1F65 /* Build configuration list for PBXProject "ConsistencyManagerDemo" */ = {
			isa = XCConfigurationList;
			buildConfigurations = (
				61DB68661CBC596F00BD1F65 /* Debug */,
				61DB68671CBC596F00BD1F65 /* Release */,
			);
			defaultConfigurationIsVisible = 0;
			defaultConfigurationName = Release;
		};
		61DB68681CBC596F00BD1F65 /* Build configuration list for PBXNativeTarget "ConsistencyManagerDemo" */ = {
			isa = XCConfigurationList;
			buildConfigurations = (
				61DB68691CBC596F00BD1F65 /* Debug */,
				61DB686A1CBC596F00BD1F65 /* Release */,
			);
			defaultConfigurationIsVisible = 0;
			defaultConfigurationName = Release;
		};
		61DB686B1CBC596F00BD1F65 /* Build configuration list for PBXNativeTarget "ConsistencyManagerDemoTests" */ = {
			isa = XCConfigurationList;
			buildConfigurations = (
				61DB686C1CBC596F00BD1F65 /* Debug */,
				61DB686D1CBC596F00BD1F65 /* Release */,
			);
			defaultConfigurationIsVisible = 0;
			defaultConfigurationName = Release;
		};
/* End XCConfigurationList section */
	};
	rootObject = 61DB68431CBC596F00BD1F65 /* Project object */;
}
